// !$*UTF8*$!
{
	archiveVersion = 1;
	classes = {
	};
	objectVersion = 50;
	objects = {

/* Begin PBXBuildFile section */
		6269B7A94D84281276793911 /* Pods_POC_BCT.framework in Frameworks */ = {isa = PBXBuildFile; fileRef = F3B322F9F648E2879BB46198 /* Pods_POC_BCT.framework */; };
		8165B30AD7A8501C1B8BAD27 /* Pods_POC_BCTTests.framework in Frameworks */ = {isa = PBXBuildFile; fileRef = 812AD33D1CF22859D1BF4919 /* Pods_POC_BCTTests.framework */; };
		CF74496520CEEF6400A9D062 /* SignInViewController.swift in Sources */ = {isa = PBXBuildFile; fileRef = CF74496420CEEF6400A9D062 /* SignInViewController.swift */; };
		CF74496720CEF9C500A9D062 /* SignUpViewController.swift in Sources */ = {isa = PBXBuildFile; fileRef = CF74496620CEF9C500A9D062 /* SignUpViewController.swift */; };
		CF74496D20CF1A0300A9D062 /* homeViewController.swift in Sources */ = {isa = PBXBuildFile; fileRef = CF74496C20CF1A0300A9D062 /* homeViewController.swift */; };
		CF74496F20CF1ECA00A9D062 /* homeCollectionCell.swift in Sources */ = {isa = PBXBuildFile; fileRef = CF74496E20CF1ECA00A9D062 /* homeCollectionCell.swift */; };
		CF8570C420C98F2B0048BCD8 /* AppDelegate.swift in Sources */ = {isa = PBXBuildFile; fileRef = CF8570C320C98F2B0048BCD8 /* AppDelegate.swift */; };
		CF8570C620C98F2B0048BCD8 /* ProjectViewController.swift in Sources */ = {isa = PBXBuildFile; fileRef = CF8570C520C98F2B0048BCD8 /* ProjectViewController.swift */; };
		CF8570C920C98F2B0048BCD8 /* Main.storyboard in Resources */ = {isa = PBXBuildFile; fileRef = CF8570C720C98F2B0048BCD8 /* Main.storyboard */; };
		CF8570CC20C98F2B0048BCD8 /* POC_BCT.xcdatamodeld in Sources */ = {isa = PBXBuildFile; fileRef = CF8570CA20C98F2B0048BCD8 /* POC_BCT.xcdatamodeld */; };
		CF8570CE20C98F2C0048BCD8 /* Assets.xcassets in Resources */ = {isa = PBXBuildFile; fileRef = CF8570CD20C98F2C0048BCD8 /* Assets.xcassets */; };
		CF8570D120C98F2C0048BCD8 /* LaunchScreen.storyboard in Resources */ = {isa = PBXBuildFile; fileRef = CF8570CF20C98F2C0048BCD8 /* LaunchScreen.storyboard */; };
		CF8570DC20C98F2D0048BCD8 /* POC_BCTTests.swift in Sources */ = {isa = PBXBuildFile; fileRef = CF8570DB20C98F2D0048BCD8 /* POC_BCTTests.swift */; };
		CF8570E720C98F2D0048BCD8 /* POC_BCTUITests.swift in Sources */ = {isa = PBXBuildFile; fileRef = CF8570E620C98F2D0048BCD8 /* POC_BCTUITests.swift */; };
		CF8570F520C98FE70048BCD8 /* GoogleService-Info.plist in Resources */ = {isa = PBXBuildFile; fileRef = CF8570F420C98FE70048BCD8 /* GoogleService-Info.plist */; };
		CF8570F620C98FE70048BCD8 /* GoogleService-Info.plist in Resources */ = {isa = PBXBuildFile; fileRef = CF8570F420C98FE70048BCD8 /* GoogleService-Info.plist */; };
		CF8570F720C98FE70048BCD8 /* GoogleService-Info.plist in Resources */ = {isa = PBXBuildFile; fileRef = CF8570F420C98FE70048BCD8 /* GoogleService-Info.plist */; };
		CF8570F920C9BCF60048BCD8 /* AssetViewController.swift in Sources */ = {isa = PBXBuildFile; fileRef = CF8570F820C9BCF60048BCD8 /* AssetViewController.swift */; };
		CF8570FB20C9D5A50048BCD8 /* ProjectDetailTableViewController.swift in Sources */ = {isa = PBXBuildFile; fileRef = CF8570FA20C9D5A50048BCD8 /* ProjectDetailTableViewController.swift */; };
		ED0C1935994D5CDB8BF56810 /* Pods_POC_BCTUITests.framework in Frameworks */ = {isa = PBXBuildFile; fileRef = 707B5C0DC717BA7EA7C35F01 /* Pods_POC_BCTUITests.framework */; };
/* End PBXBuildFile section */

/* Begin PBXContainerItemProxy section */
		CF8570D820C98F2D0048BCD8 /* PBXContainerItemProxy */ = {
			isa = PBXContainerItemProxy;
			containerPortal = CF8570B820C98F2B0048BCD8 /* Project object */;
			proxyType = 1;
			remoteGlobalIDString = CF8570BF20C98F2B0048BCD8;
			remoteInfo = "POC-BCT";
		};
		CF8570E320C98F2D0048BCD8 /* PBXContainerItemProxy */ = {
			isa = PBXContainerItemProxy;
			containerPortal = CF8570B820C98F2B0048BCD8 /* Project object */;
			proxyType = 1;
			remoteGlobalIDString = CF8570BF20C98F2B0048BCD8;
			remoteInfo = "POC-BCT";
		};
/* End PBXContainerItemProxy section */

/* Begin PBXFileReference section */
		3DCD3FB3B2917BDEE7843664 /* Pods-POC-BCTUITests.debug.xcconfig */ = {isa = PBXFileReference; includeInIndex = 1; lastKnownFileType = text.xcconfig; name = "Pods-POC-BCTUITests.debug.xcconfig"; path = "Pods/Target Support Files/Pods-POC-BCTUITests/Pods-POC-BCTUITests.debug.xcconfig"; sourceTree = "<group>"; };
		659FD195FD912189F347BD4E /* Pods-POC-BCT.release.xcconfig */ = {isa = PBXFileReference; includeInIndex = 1; lastKnownFileType = text.xcconfig; name = "Pods-POC-BCT.release.xcconfig"; path = "Pods/Target Support Files/Pods-POC-BCT/Pods-POC-BCT.release.xcconfig"; sourceTree = "<group>"; };
		707B5C0DC717BA7EA7C35F01 /* Pods_POC_BCTUITests.framework */ = {isa = PBXFileReference; explicitFileType = wrapper.framework; includeInIndex = 0; path = Pods_POC_BCTUITests.framework; sourceTree = BUILT_PRODUCTS_DIR; };
		812AD33D1CF22859D1BF4919 /* Pods_POC_BCTTests.framework */ = {isa = PBXFileReference; explicitFileType = wrapper.framework; includeInIndex = 0; path = Pods_POC_BCTTests.framework; sourceTree = BUILT_PRODUCTS_DIR; };
		96507D51F2A5D0A5A1DEA704 /* Pods-POC-BCTTests.debug.xcconfig */ = {isa = PBXFileReference; includeInIndex = 1; lastKnownFileType = text.xcconfig; name = "Pods-POC-BCTTests.debug.xcconfig"; path = "Pods/Target Support Files/Pods-POC-BCTTests/Pods-POC-BCTTests.debug.xcconfig"; sourceTree = "<group>"; };
		BB6E9AAD0CDE48EB6DAA4E8B /* Pods-POC-BCTUITests.release.xcconfig */ = {isa = PBXFileReference; includeInIndex = 1; lastKnownFileType = text.xcconfig; name = "Pods-POC-BCTUITests.release.xcconfig"; path = "Pods/Target Support Files/Pods-POC-BCTUITests/Pods-POC-BCTUITests.release.xcconfig"; sourceTree = "<group>"; };
		CF74496420CEEF6400A9D062 /* SignInViewController.swift */ = {isa = PBXFileReference; lastKnownFileType = sourcecode.swift; path = SignInViewController.swift; sourceTree = "<group>"; };
		CF74496620CEF9C500A9D062 /* SignUpViewController.swift */ = {isa = PBXFileReference; lastKnownFileType = sourcecode.swift; path = SignUpViewController.swift; sourceTree = "<group>"; };
		CF74496C20CF1A0300A9D062 /* homeViewController.swift */ = {isa = PBXFileReference; lastKnownFileType = sourcecode.swift; path = homeViewController.swift; sourceTree = "<group>"; };
		CF74496E20CF1ECA00A9D062 /* homeCollectionCell.swift */ = {isa = PBXFileReference; lastKnownFileType = sourcecode.swift; path = homeCollectionCell.swift; sourceTree = "<group>"; };
		CF8570C020C98F2B0048BCD8 /* POC-BCT.app */ = {isa = PBXFileReference; explicitFileType = wrapper.application; includeInIndex = 0; path = "POC-BCT.app"; sourceTree = BUILT_PRODUCTS_DIR; };
		CF8570C320C98F2B0048BCD8 /* AppDelegate.swift */ = {isa = PBXFileReference; lastKnownFileType = sourcecode.swift; path = AppDelegate.swift; sourceTree = "<group>"; };
		CF8570C520C98F2B0048BCD8 /* ProjectViewController.swift */ = {isa = PBXFileReference; lastKnownFileType = sourcecode.swift; path = ProjectViewController.swift; sourceTree = "<group>"; };
		CF8570C820C98F2B0048BCD8 /* Base */ = {isa = PBXFileReference; lastKnownFileType = file.storyboard; name = Base; path = Base.lproj/Main.storyboard; sourceTree = "<group>"; };
		CF8570CB20C98F2B0048BCD8 /* POC_BCT.xcdatamodel */ = {isa = PBXFileReference; lastKnownFileType = wrapper.xcdatamodel; path = POC_BCT.xcdatamodel; sourceTree = "<group>"; };
		CF8570CD20C98F2C0048BCD8 /* Assets.xcassets */ = {isa = PBXFileReference; lastKnownFileType = folder.assetcatalog; path = Assets.xcassets; sourceTree = "<group>"; };
		CF8570D020C98F2C0048BCD8 /* Base */ = {isa = PBXFileReference; lastKnownFileType = file.storyboard; name = Base; path = Base.lproj/LaunchScreen.storyboard; sourceTree = "<group>"; };
		CF8570D220C98F2D0048BCD8 /* Info.plist */ = {isa = PBXFileReference; lastKnownFileType = text.plist.xml; path = Info.plist; sourceTree = "<group>"; };
		CF8570D720C98F2D0048BCD8 /* POC-BCTTests.xctest */ = {isa = PBXFileReference; explicitFileType = wrapper.cfbundle; includeInIndex = 0; path = "POC-BCTTests.xctest"; sourceTree = BUILT_PRODUCTS_DIR; };
		CF8570DB20C98F2D0048BCD8 /* POC_BCTTests.swift */ = {isa = PBXFileReference; lastKnownFileType = sourcecode.swift; path = POC_BCTTests.swift; sourceTree = "<group>"; };
		CF8570DD20C98F2D0048BCD8 /* Info.plist */ = {isa = PBXFileReference; lastKnownFileType = text.plist.xml; path = Info.plist; sourceTree = "<group>"; };
		CF8570E220C98F2D0048BCD8 /* POC-BCTUITests.xctest */ = {isa = PBXFileReference; explicitFileType = wrapper.cfbundle; includeInIndex = 0; path = "POC-BCTUITests.xctest"; sourceTree = BUILT_PRODUCTS_DIR; };
		CF8570E620C98F2D0048BCD8 /* POC_BCTUITests.swift */ = {isa = PBXFileReference; lastKnownFileType = sourcecode.swift; path = POC_BCTUITests.swift; sourceTree = "<group>"; };
		CF8570E820C98F2D0048BCD8 /* Info.plist */ = {isa = PBXFileReference; lastKnownFileType = text.plist.xml; path = Info.plist; sourceTree = "<group>"; };
		CF8570F420C98FE70048BCD8 /* GoogleService-Info.plist */ = {isa = PBXFileReference; fileEncoding = 4; lastKnownFileType = text.plist.xml; path = "GoogleService-Info.plist"; sourceTree = "<group>"; };
		CF8570F820C9BCF60048BCD8 /* AssetViewController.swift */ = {isa = PBXFileReference; lastKnownFileType = sourcecode.swift; path = AssetViewController.swift; sourceTree = "<group>"; };
		CF8570FA20C9D5A50048BCD8 /* ProjectDetailTableViewController.swift */ = {isa = PBXFileReference; lastKnownFileType = sourcecode.swift; path = ProjectDetailTableViewController.swift; sourceTree = "<group>"; };
		D91ED1C95BC765FC66CFCE3B /* Pods-POC-BCT.debug.xcconfig */ = {isa = PBXFileReference; includeInIndex = 1; lastKnownFileType = text.xcconfig; name = "Pods-POC-BCT.debug.xcconfig"; path = "Pods/Target Support Files/Pods-POC-BCT/Pods-POC-BCT.debug.xcconfig"; sourceTree = "<group>"; };
		E0BCA491E4F985491E6F106A /* Pods-POC-BCTTests.release.xcconfig */ = {isa = PBXFileReference; includeInIndex = 1; lastKnownFileType = text.xcconfig; name = "Pods-POC-BCTTests.release.xcconfig"; path = "Pods/Target Support Files/Pods-POC-BCTTests/Pods-POC-BCTTests.release.xcconfig"; sourceTree = "<group>"; };
		F3B322F9F648E2879BB46198 /* Pods_POC_BCT.framework */ = {isa = PBXFileReference; explicitFileType = wrapper.framework; includeInIndex = 0; path = Pods_POC_BCT.framework; sourceTree = BUILT_PRODUCTS_DIR; };
/* End PBXFileReference section */

/* Begin PBXFrameworksBuildPhase section */
		CF8570BD20C98F2B0048BCD8 /* Frameworks */ = {
			isa = PBXFrameworksBuildPhase;
			buildActionMask = 2147483647;
			files = (
				6269B7A94D84281276793911 /* Pods_POC_BCT.framework in Frameworks */,
			);
			runOnlyForDeploymentPostprocessing = 0;
		};
		CF8570D420C98F2D0048BCD8 /* Frameworks */ = {
			isa = PBXFrameworksBuildPhase;
			buildActionMask = 2147483647;
			files = (
				8165B30AD7A8501C1B8BAD27 /* Pods_POC_BCTTests.framework in Frameworks */,
			);
			runOnlyForDeploymentPostprocessing = 0;
		};
		CF8570DF20C98F2D0048BCD8 /* Frameworks */ = {
			isa = PBXFrameworksBuildPhase;
			buildActionMask = 2147483647;
			files = (
				ED0C1935994D5CDB8BF56810 /* Pods_POC_BCTUITests.framework in Frameworks */,
			);
			runOnlyForDeploymentPostprocessing = 0;
		};
/* End PBXFrameworksBuildPhase section */

/* Begin PBXGroup section */
		5E31BD7D7B8AA3D78D582856 /* Frameworks */ = {
			isa = PBXGroup;
			children = (
				F3B322F9F648E2879BB46198 /* Pods_POC_BCT.framework */,
				812AD33D1CF22859D1BF4919 /* Pods_POC_BCTTests.framework */,
				707B5C0DC717BA7EA7C35F01 /* Pods_POC_BCTUITests.framework */,
			);
			name = Frameworks;
			sourceTree = "<group>";
		};
		875B4D0E34FBE21BA0357797 /* Pods */ = {
			isa = PBXGroup;
			children = (
				D91ED1C95BC765FC66CFCE3B /* Pods-POC-BCT.debug.xcconfig */,
				659FD195FD912189F347BD4E /* Pods-POC-BCT.release.xcconfig */,
				96507D51F2A5D0A5A1DEA704 /* Pods-POC-BCTTests.debug.xcconfig */,
				E0BCA491E4F985491E6F106A /* Pods-POC-BCTTests.release.xcconfig */,
				3DCD3FB3B2917BDEE7843664 /* Pods-POC-BCTUITests.debug.xcconfig */,
				BB6E9AAD0CDE48EB6DAA4E8B /* Pods-POC-BCTUITests.release.xcconfig */,
			);
			name = Pods;
			sourceTree = "<group>";
		};
		CF74496820CF11F200A9D062 /* Login and Signup */ = {
			isa = PBXGroup;
			children = (
				CF74496420CEEF6400A9D062 /* SignInViewController.swift */,
				CF74496620CEF9C500A9D062 /* SignUpViewController.swift */,
			);
			path = "Login and Signup";
			sourceTree = "<group>";
		};
		CF74496920CF125100A9D062 /* Project */ = {
			isa = PBXGroup;
			children = (
				CF8570C520C98F2B0048BCD8 /* ProjectViewController.swift */,
				CF8570FA20C9D5A50048BCD8 /* ProjectDetailTableViewController.swift */,
			);
			path = Project;
			sourceTree = "<group>";
		};
		CF74496A20CF125A00A9D062 /* Assets */ = {
			isa = PBXGroup;
			children = (
				CF8570F820C9BCF60048BCD8 /* AssetViewController.swift */,
			);
			path = Assets;
			sourceTree = "<group>";
		};
		CF74496B20CF126600A9D062 /* Others */ = {
			isa = PBXGroup;
			children = (
				CF8570CD20C98F2C0048BCD8 /* Assets.xcassets */,
				CF8570CF20C98F2C0048BCD8 /* LaunchScreen.storyboard */,
				CF8570F420C98FE70048BCD8 /* GoogleService-Info.plist */,
				CF8570CA20C98F2B0048BCD8 /* POC_BCT.xcdatamodeld */,
			);
			path = Others;
			sourceTree = "<group>";
		};
		CF74497020CF24E600A9D062 /* Home */ = {
			isa = PBXGroup;
			children = (
				CF74496C20CF1A0300A9D062 /* homeViewController.swift */,
				CF74496E20CF1ECA00A9D062 /* homeCollectionCell.swift */,
			);
			path = Home;
			sourceTree = "<group>";
		};
		CF8570B720C98F2B0048BCD8 = {
			isa = PBXGroup;
			children = (
				CF8570C220C98F2B0048BCD8 /* POC-BCT */,
				CF8570DA20C98F2D0048BCD8 /* POC-BCTTests */,
				CF8570E520C98F2D0048BCD8 /* POC-BCTUITests */,
				CF8570C120C98F2B0048BCD8 /* Products */,
				875B4D0E34FBE21BA0357797 /* Pods */,
				5E31BD7D7B8AA3D78D582856 /* Frameworks */,
			);
			sourceTree = "<group>";
		};
		CF8570C120C98F2B0048BCD8 /* Products */ = {
			isa = PBXGroup;
			children = (
				CF8570C020C98F2B0048BCD8 /* POC-BCT.app */,
				CF8570D720C98F2D0048BCD8 /* POC-BCTTests.xctest */,
				CF8570E220C98F2D0048BCD8 /* POC-BCTUITests.xctest */,
			);
			name = Products;
			sourceTree = "<group>";
		};
		CF8570C220C98F2B0048BCD8 /* POC-BCT */ = {
			isa = PBXGroup;
			children = (
				CF8570C320C98F2B0048BCD8 /* AppDelegate.swift */,
				CF74497020CF24E600A9D062 /* Home */,
				CF74496820CF11F200A9D062 /* Login and Signup */,
				CF74496920CF125100A9D062 /* Project */,
				CF74496A20CF125A00A9D062 /* Assets */,
				CF8570C720C98F2B0048BCD8 /* Main.storyboard */,
				CF8570D220C98F2D0048BCD8 /* Info.plist */,
				CF74496B20CF126600A9D062 /* Others */,
			);
			path = "POC-BCT";
			sourceTree = "<group>";
		};
		CF8570DA20C98F2D0048BCD8 /* POC-BCTTests */ = {
			isa = PBXGroup;
			children = (
				CF8570DB20C98F2D0048BCD8 /* POC_BCTTests.swift */,
				CF8570DD20C98F2D0048BCD8 /* Info.plist */,
			);
			path = "POC-BCTTests";
			sourceTree = "<group>";
		};
		CF8570E520C98F2D0048BCD8 /* POC-BCTUITests */ = {
			isa = PBXGroup;
			children = (
				CF8570E620C98F2D0048BCD8 /* POC_BCTUITests.swift */,
				CF8570E820C98F2D0048BCD8 /* Info.plist */,
			);
			path = "POC-BCTUITests";
			sourceTree = "<group>";
		};
/* End PBXGroup section */

/* Begin PBXNativeTarget section */
		CF8570BF20C98F2B0048BCD8 /* POC-BCT */ = {
			isa = PBXNativeTarget;
			buildConfigurationList = CF8570EB20C98F2D0048BCD8 /* Build configuration list for PBXNativeTarget "POC-BCT" */;
			buildPhases = (
				1DC6ECAE419A18049D6E5F78 /* [CP] Check Pods Manifest.lock */,
				CF8570BC20C98F2B0048BCD8 /* Sources */,
				CF8570BD20C98F2B0048BCD8 /* Frameworks */,
				CF8570BE20C98F2B0048BCD8 /* Resources */,
				FA336F8E79ACBEF0EA9B8FFD /* [CP] Embed Pods Frameworks */,
			);
			buildRules = (
			);
			dependencies = (
			);
			name = "POC-BCT";
			productName = "POC-BCT";
			productReference = CF8570C020C98F2B0048BCD8 /* POC-BCT.app */;
			productType = "com.apple.product-type.application";
		};
		CF8570D620C98F2D0048BCD8 /* POC-BCTTests */ = {
			isa = PBXNativeTarget;
			buildConfigurationList = CF8570EE20C98F2D0048BCD8 /* Build configuration list for PBXNativeTarget "POC-BCTTests" */;
			buildPhases = (
				B173140008EF13D93DBA8145 /* [CP] Check Pods Manifest.lock */,
				CF8570D320C98F2D0048BCD8 /* Sources */,
				CF8570D420C98F2D0048BCD8 /* Frameworks */,
				CF8570D520C98F2D0048BCD8 /* Resources */,
			);
			buildRules = (
			);
			dependencies = (
				CF8570D920C98F2D0048BCD8 /* PBXTargetDependency */,
			);
			name = "POC-BCTTests";
			productName = "POC-BCTTests";
			productReference = CF8570D720C98F2D0048BCD8 /* POC-BCTTests.xctest */;
			productType = "com.apple.product-type.bundle.unit-test";
		};
		CF8570E120C98F2D0048BCD8 /* POC-BCTUITests */ = {
			isa = PBXNativeTarget;
			buildConfigurationList = CF8570F120C98F2D0048BCD8 /* Build configuration list for PBXNativeTarget "POC-BCTUITests" */;
			buildPhases = (
				046708DCB74E378F27C20861 /* [CP] Check Pods Manifest.lock */,
				CF8570DE20C98F2D0048BCD8 /* Sources */,
				CF8570DF20C98F2D0048BCD8 /* Frameworks */,
				CF8570E020C98F2D0048BCD8 /* Resources */,
			);
			buildRules = (
			);
			dependencies = (
				CF8570E420C98F2D0048BCD8 /* PBXTargetDependency */,
			);
			name = "POC-BCTUITests";
			productName = "POC-BCTUITests";
			productReference = CF8570E220C98F2D0048BCD8 /* POC-BCTUITests.xctest */;
			productType = "com.apple.product-type.bundle.ui-testing";
		};
/* End PBXNativeTarget section */

/* Begin PBXProject section */
		CF8570B820C98F2B0048BCD8 /* Project object */ = {
			isa = PBXProject;
			attributes = {
				LastSwiftUpdateCheck = 0930;
				LastUpgradeCheck = 0930;
				ORGANIZATIONNAME = "Thivakkar Mahendran";
				TargetAttributes = {
					CF8570BF20C98F2B0048BCD8 = {
						CreatedOnToolsVersion = 9.3;
					};
					CF8570D620C98F2D0048BCD8 = {
						CreatedOnToolsVersion = 9.3;
						TestTargetID = CF8570BF20C98F2B0048BCD8;
					};
					CF8570E120C98F2D0048BCD8 = {
						CreatedOnToolsVersion = 9.3;
						TestTargetID = CF8570BF20C98F2B0048BCD8;
					};
				};
			};
			buildConfigurationList = CF8570BB20C98F2B0048BCD8 /* Build configuration list for PBXProject "POC-BCT" */;
			compatibilityVersion = "Xcode 9.3";
			developmentRegion = en;
			hasScannedForEncodings = 0;
			knownRegions = (
				en,
				Base,
			);
			mainGroup = CF8570B720C98F2B0048BCD8;
			productRefGroup = CF8570C120C98F2B0048BCD8 /* Products */;
			projectDirPath = "";
			projectRoot = "";
			targets = (
				CF8570BF20C98F2B0048BCD8 /* POC-BCT */,
				CF8570D620C98F2D0048BCD8 /* POC-BCTTests */,
				CF8570E120C98F2D0048BCD8 /* POC-BCTUITests */,
			);
		};
/* End PBXProject section */

/* Begin PBXResourcesBuildPhase section */
		CF8570BE20C98F2B0048BCD8 /* Resources */ = {
			isa = PBXResourcesBuildPhase;
			buildActionMask = 2147483647;
			files = (
				CF8570D120C98F2C0048BCD8 /* LaunchScreen.storyboard in Resources */,
				CF8570F520C98FE70048BCD8 /* GoogleService-Info.plist in Resources */,
				CF8570CE20C98F2C0048BCD8 /* Assets.xcassets in Resources */,
				CF8570C920C98F2B0048BCD8 /* Main.storyboard in Resources */,
			);
			runOnlyForDeploymentPostprocessing = 0;
		};
		CF8570D520C98F2D0048BCD8 /* Resources */ = {
			isa = PBXResourcesBuildPhase;
			buildActionMask = 2147483647;
			files = (
				CF8570F620C98FE70048BCD8 /* GoogleService-Info.plist in Resources */,
			);
			runOnlyForDeploymentPostprocessing = 0;
		};
		CF8570E020C98F2D0048BCD8 /* Resources */ = {
			isa = PBXResourcesBuildPhase;
			buildActionMask = 2147483647;
			files = (
				CF8570F720C98FE70048BCD8 /* GoogleService-Info.plist in Resources */,
			);
			runOnlyForDeploymentPostprocessing = 0;
		};
/* End PBXResourcesBuildPhase section */

/* Begin PBXShellScriptBuildPhase section */
		046708DCB74E378F27C20861 /* [CP] Check Pods Manifest.lock */ = {
			isa = PBXShellScriptBuildPhase;
			buildActionMask = 2147483647;
			files = (
			);
			inputPaths = (
				"${PODS_PODFILE_DIR_PATH}/Podfile.lock",
				"${PODS_ROOT}/Manifest.lock",
			);
			name = "[CP] Check Pods Manifest.lock";
			outputPaths = (
				"$(DERIVED_FILE_DIR)/Pods-POC-BCTUITests-checkManifestLockResult.txt",
			);
			runOnlyForDeploymentPostprocessing = 0;
			shellPath = /bin/sh;
			shellScript = "diff \"${PODS_PODFILE_DIR_PATH}/Podfile.lock\" \"${PODS_ROOT}/Manifest.lock\" > /dev/null\nif [ $? != 0 ] ; then\n    # print error to STDERR\n    echo \"error: The sandbox is not in sync with the Podfile.lock. Run 'pod install' or update your CocoaPods installation.\" >&2\n    exit 1\nfi\n# This output is used by Xcode 'outputs' to avoid re-running this script phase.\necho \"SUCCESS\" > \"${SCRIPT_OUTPUT_FILE_0}\"\n";
			showEnvVarsInLog = 0;
		};
		1DC6ECAE419A18049D6E5F78 /* [CP] Check Pods Manifest.lock */ = {
			isa = PBXShellScriptBuildPhase;
			buildActionMask = 2147483647;
			files = (
			);
			inputPaths = (
				"${PODS_PODFILE_DIR_PATH}/Podfile.lock",
				"${PODS_ROOT}/Manifest.lock",
			);
			name = "[CP] Check Pods Manifest.lock";
			outputPaths = (
				"$(DERIVED_FILE_DIR)/Pods-POC-BCT-checkManifestLockResult.txt",
			);
			runOnlyForDeploymentPostprocessing = 0;
			shellPath = /bin/sh;
			shellScript = "diff \"${PODS_PODFILE_DIR_PATH}/Podfile.lock\" \"${PODS_ROOT}/Manifest.lock\" > /dev/null\nif [ $? != 0 ] ; then\n    # print error to STDERR\n    echo \"error: The sandbox is not in sync with the Podfile.lock. Run 'pod install' or update your CocoaPods installation.\" >&2\n    exit 1\nfi\n# This output is used by Xcode 'outputs' to avoid re-running this script phase.\necho \"SUCCESS\" > \"${SCRIPT_OUTPUT_FILE_0}\"\n";
			showEnvVarsInLog = 0;
		};
		B173140008EF13D93DBA8145 /* [CP] Check Pods Manifest.lock */ = {
			isa = PBXShellScriptBuildPhase;
			buildActionMask = 2147483647;
			files = (
			);
			inputPaths = (
				"${PODS_PODFILE_DIR_PATH}/Podfile.lock",
				"${PODS_ROOT}/Manifest.lock",
			);
			name = "[CP] Check Pods Manifest.lock";
			outputPaths = (
				"$(DERIVED_FILE_DIR)/Pods-POC-BCTTests-checkManifestLockResult.txt",
			);
			runOnlyForDeploymentPostprocessing = 0;
			shellPath = /bin/sh;
			shellScript = "diff \"${PODS_PODFILE_DIR_PATH}/Podfile.lock\" \"${PODS_ROOT}/Manifest.lock\" > /dev/null\nif [ $? != 0 ] ; then\n    # print error to STDERR\n    echo \"error: The sandbox is not in sync with the Podfile.lock. Run 'pod install' or update your CocoaPods installation.\" >&2\n    exit 1\nfi\n# This output is used by Xcode 'outputs' to avoid re-running this script phase.\necho \"SUCCESS\" > \"${SCRIPT_OUTPUT_FILE_0}\"\n";
			showEnvVarsInLog = 0;
		};
		FA336F8E79ACBEF0EA9B8FFD /* [CP] Embed Pods Frameworks */ = {
			isa = PBXShellScriptBuildPhase;
			buildActionMask = 2147483647;
			files = (
			);
			inputPaths = (
				"${SRCROOT}/Pods/Target Support Files/Pods-POC-BCT/Pods-POC-BCT-frameworks.sh",
				"${BUILT_PRODUCTS_DIR}/GTMSessionFetcher/GTMSessionFetcher.framework",
				"${BUILT_PRODUCTS_DIR}/GoogleToolboxForMac/GoogleToolboxForMac.framework",
				"${BUILT_PRODUCTS_DIR}/Protobuf/Protobuf.framework",
				"${BUILT_PRODUCTS_DIR}/nanopb/nanopb.framework",
			);
			name = "[CP] Embed Pods Frameworks";
			outputPaths = (
				"${TARGET_BUILD_DIR}/${FRAMEWORKS_FOLDER_PATH}/GTMSessionFetcher.framework",
				"${TARGET_BUILD_DIR}/${FRAMEWORKS_FOLDER_PATH}/GoogleToolboxForMac.framework",
				"${TARGET_BUILD_DIR}/${FRAMEWORKS_FOLDER_PATH}/Protobuf.framework",
				"${TARGET_BUILD_DIR}/${FRAMEWORKS_FOLDER_PATH}/nanopb.framework",
			);
			runOnlyForDeploymentPostprocessing = 0;
			shellPath = /bin/sh;
			shellScript = "\"${SRCROOT}/Pods/Target Support Files/Pods-POC-BCT/Pods-POC-BCT-frameworks.sh\"\n";
			showEnvVarsInLog = 0;
		};
/* End PBXShellScriptBuildPhase section */

/* Begin PBXSourcesBuildPhase section */
		CF8570BC20C98F2B0048BCD8 /* Sources */ = {
			isa = PBXSourcesBuildPhase;
			buildActionMask = 2147483647;
			files = (
				CF8570CC20C98F2B0048BCD8 /* POC_BCT.xcdatamodeld in Sources */,
				CF74496720CEF9C500A9D062 /* SignUpViewController.swift in Sources */,
				CF8570FB20C9D5A50048BCD8 /* ProjectDetailTableViewController.swift in Sources */,
				CF74496D20CF1A0300A9D062 /* homeViewController.swift in Sources */,
				CF74496520CEEF6400A9D062 /* SignInViewController.swift in Sources */,
				CF8570C620C98F2B0048BCD8 /* ProjectViewController.swift in Sources */,
				CF74496F20CF1ECA00A9D062 /* homeCollectionCell.swift in Sources */,
				CF8570C420C98F2B0048BCD8 /* AppDelegate.swift in Sources */,
				CF8570F920C9BCF60048BCD8 /* AssetViewController.swift in Sources */,
			);
			runOnlyForDeploymentPostprocessing = 0;
		};
		CF8570D320C98F2D0048BCD8 /* Sources */ = {
			isa = PBXSourcesBuildPhase;
			buildActionMask = 2147483647;
			files = (
				CF8570DC20C98F2D0048BCD8 /* POC_BCTTests.swift in Sources */,
			);
			runOnlyForDeploymentPostprocessing = 0;
		};
		CF8570DE20C98F2D0048BCD8 /* Sources */ = {
			isa = PBXSourcesBuildPhase;
			buildActionMask = 2147483647;
			files = (
				CF8570E720C98F2D0048BCD8 /* POC_BCTUITests.swift in Sources */,
			);
			runOnlyForDeploymentPostprocessing = 0;
		};
/* End PBXSourcesBuildPhase section */

/* Begin PBXTargetDependency section */
		CF8570D920C98F2D0048BCD8 /* PBXTargetDependency */ = {
			isa = PBXTargetDependency;
			target = CF8570BF20C98F2B0048BCD8 /* POC-BCT */;
			targetProxy = CF8570D820C98F2D0048BCD8 /* PBXContainerItemProxy */;
		};
		CF8570E420C98F2D0048BCD8 /* PBXTargetDependency */ = {
			isa = PBXTargetDependency;
			target = CF8570BF20C98F2B0048BCD8 /* POC-BCT */;
			targetProxy = CF8570E320C98F2D0048BCD8 /* PBXContainerItemProxy */;
		};
/* End PBXTargetDependency section */

/* Begin PBXVariantGroup section */
		CF8570C720C98F2B0048BCD8 /* Main.storyboard */ = {
			isa = PBXVariantGroup;
			children = (
				CF8570C820C98F2B0048BCD8 /* Base */,
			);
			name = Main.storyboard;
			sourceTree = "<group>";
		};
		CF8570CF20C98F2C0048BCD8 /* LaunchScreen.storyboard */ = {
			isa = PBXVariantGroup;
			children = (
				CF8570D020C98F2C0048BCD8 /* Base */,
			);
			name = LaunchScreen.storyboard;
			sourceTree = "<group>";
		};
/* End PBXVariantGroup section */

/* Begin XCBuildConfiguration section */
		CF8570E920C98F2D0048BCD8 /* Debug */ = {
			isa = XCBuildConfiguration;
			buildSettings = {
				ALWAYS_SEARCH_USER_PATHS = NO;
				CLANG_ANALYZER_NONNULL = YES;
				CLANG_ANALYZER_NUMBER_OBJECT_CONVERSION = YES_AGGRESSIVE;
				CLANG_CXX_LANGUAGE_STANDARD = "gnu++14";
				CLANG_CXX_LIBRARY = "libc++";
				CLANG_ENABLE_MODULES = YES;
				CLANG_ENABLE_OBJC_ARC = YES;
				CLANG_ENABLE_OBJC_WEAK = YES;
				CLANG_WARN_BLOCK_CAPTURE_AUTORELEASING = YES;
				CLANG_WARN_BOOL_CONVERSION = YES;
				CLANG_WARN_COMMA = YES;
				CLANG_WARN_CONSTANT_CONVERSION = YES;
				CLANG_WARN_DEPRECATED_OBJC_IMPLEMENTATIONS = YES;
				CLANG_WARN_DIRECT_OBJC_ISA_USAGE = YES_ERROR;
				CLANG_WARN_DOCUMENTATION_COMMENTS = YES;
				CLANG_WARN_EMPTY_BODY = YES;
				CLANG_WARN_ENUM_CONVERSION = YES;
				CLANG_WARN_INFINITE_RECURSION = YES;
				CLANG_WARN_INT_CONVERSION = YES;
				CLANG_WARN_NON_LITERAL_NULL_CONVERSION = YES;
				CLANG_WARN_OBJC_IMPLICIT_RETAIN_SELF = YES;
				CLANG_WARN_OBJC_LITERAL_CONVERSION = YES;
				CLANG_WARN_OBJC_ROOT_CLASS = YES_ERROR;
				CLANG_WARN_RANGE_LOOP_ANALYSIS = YES;
				CLANG_WARN_STRICT_PROTOTYPES = YES;
				CLANG_WARN_SUSPICIOUS_MOVE = YES;
				CLANG_WARN_UNGUARDED_AVAILABILITY = YES_AGGRESSIVE;
				CLANG_WARN_UNREACHABLE_CODE = YES;
				CLANG_WARN__DUPLICATE_METHOD_MATCH = YES;
				CODE_SIGN_IDENTITY = "iPhone Developer";
				COPY_PHASE_STRIP = NO;
				DEBUG_INFORMATION_FORMAT = dwarf;
				ENABLE_STRICT_OBJC_MSGSEND = YES;
				ENABLE_TESTABILITY = YES;
				GCC_C_LANGUAGE_STANDARD = gnu11;
				GCC_DYNAMIC_NO_PIC = NO;
				GCC_NO_COMMON_BLOCKS = YES;
				GCC_OPTIMIZATION_LEVEL = 0;
				GCC_PREPROCESSOR_DEFINITIONS = (
					"DEBUG=1",
					"$(inherited)",
				);
				GCC_WARN_64_TO_32_BIT_CONVERSION = YES;
				GCC_WARN_ABOUT_RETURN_TYPE = YES_ERROR;
				GCC_WARN_UNDECLARED_SELECTOR = YES;
				GCC_WARN_UNINITIALIZED_AUTOS = YES_AGGRESSIVE;
				GCC_WARN_UNUSED_FUNCTION = YES;
				GCC_WARN_UNUSED_VARIABLE = YES;
				IPHONEOS_DEPLOYMENT_TARGET = 11.3;
				MTL_ENABLE_DEBUG_INFO = YES;
				ONLY_ACTIVE_ARCH = YES;
				SDKROOT = iphoneos;
				SWIFT_ACTIVE_COMPILATION_CONDITIONS = DEBUG;
				SWIFT_OPTIMIZATION_LEVEL = "-Onone";
			};
			name = Debug;
		};
		CF8570EA20C98F2D0048BCD8 /* Release */ = {
			isa = XCBuildConfiguration;
			buildSettings = {
				ALWAYS_SEARCH_USER_PATHS = NO;
				CLANG_ANALYZER_NONNULL = YES;
				CLANG_ANALYZER_NUMBER_OBJECT_CONVERSION = YES_AGGRESSIVE;
				CLANG_CXX_LANGUAGE_STANDARD = "gnu++14";
				CLANG_CXX_LIBRARY = "libc++";
				CLANG_ENABLE_MODULES = YES;
				CLANG_ENABLE_OBJC_ARC = YES;
				CLANG_ENABLE_OBJC_WEAK = YES;
				CLANG_WARN_BLOCK_CAPTURE_AUTORELEASING = YES;
				CLANG_WARN_BOOL_CONVERSION = YES;
				CLANG_WARN_COMMA = YES;
				CLANG_WARN_CONSTANT_CONVERSION = YES;
				CLANG_WARN_DEPRECATED_OBJC_IMPLEMENTATIONS = YES;
				CLANG_WARN_DIRECT_OBJC_ISA_USAGE = YES_ERROR;
				CLANG_WARN_DOCUMENTATION_COMMENTS = YES;
				CLANG_WARN_EMPTY_BODY = YES;
				CLANG_WARN_ENUM_CONVERSION = YES;
				CLANG_WARN_INFINITE_RECURSION = YES;
				CLANG_WARN_INT_CONVERSION = YES;
				CLANG_WARN_NON_LITERAL_NULL_CONVERSION = YES;
				CLANG_WARN_OBJC_IMPLICIT_RETAIN_SELF = YES;
				CLANG_WARN_OBJC_LITERAL_CONVERSION = YES;
				CLANG_WARN_OBJC_ROOT_CLASS = YES_ERROR;
				CLANG_WARN_RANGE_LOOP_ANALYSIS = YES;
				CLANG_WARN_STRICT_PROTOTYPES = YES;
				CLANG_WARN_SUSPICIOUS_MOVE = YES;
				CLANG_WARN_UNGUARDED_AVAILABILITY = YES_AGGRESSIVE;
				CLANG_WARN_UNREACHABLE_CODE = YES;
				CLANG_WARN__DUPLICATE_METHOD_MATCH = YES;
				CODE_SIGN_IDENTITY = "iPhone Developer";
				COPY_PHASE_STRIP = NO;
				DEBUG_INFORMATION_FORMAT = "dwarf-with-dsym";
				ENABLE_NS_ASSERTIONS = NO;
				ENABLE_STRICT_OBJC_MSGSEND = YES;
				GCC_C_LANGUAGE_STANDARD = gnu11;
				GCC_NO_COMMON_BLOCKS = YES;
				GCC_WARN_64_TO_32_BIT_CONVERSION = YES;
				GCC_WARN_ABOUT_RETURN_TYPE = YES_ERROR;
				GCC_WARN_UNDECLARED_SELECTOR = YES;
				GCC_WARN_UNINITIALIZED_AUTOS = YES_AGGRESSIVE;
				GCC_WARN_UNUSED_FUNCTION = YES;
				GCC_WARN_UNUSED_VARIABLE = YES;
				IPHONEOS_DEPLOYMENT_TARGET = 11.3;
				MTL_ENABLE_DEBUG_INFO = NO;
				SDKROOT = iphoneos;
				SWIFT_COMPILATION_MODE = wholemodule;
				SWIFT_OPTIMIZATION_LEVEL = "-O";
				VALIDATE_PRODUCT = YES;
			};
			name = Release;
		};
		CF8570EC20C98F2D0048BCD8 /* Debug */ = {
			isa = XCBuildConfiguration;
			baseConfigurationReference = D91ED1C95BC765FC66CFCE3B /* Pods-POC-BCT.debug.xcconfig */;
			buildSettings = {
				ASSETCATALOG_COMPILER_APPICON_NAME = AppIcon;
				CODE_SIGN_STYLE = Automatic;
				DEVELOPMENT_TEAM = TMS2ETJQ7M;
				INFOPLIST_FILE = "POC-BCT/Info.plist";
				LD_RUNPATH_SEARCH_PATHS = (
					"$(inherited)",
					"@executable_path/Frameworks",
				);
				PRODUCT_BUNDLE_IDENTIFIER = "com.mthivakkar.Test.POC-BCT";
				PRODUCT_NAME = "$(TARGET_NAME)";
				SWIFT_VERSION = 4.0;
				TARGETED_DEVICE_FAMILY = "1,2";
			};
			name = Debug;
		};
		CF8570ED20C98F2D0048BCD8 /* Release */ = {
			isa = XCBuildConfiguration;
			baseConfigurationReference = 659FD195FD912189F347BD4E /* Pods-POC-BCT.release.xcconfig */;
			buildSettings = {
				ASSETCATALOG_COMPILER_APPICON_NAME = AppIcon;
				CODE_SIGN_STYLE = Automatic;
				DEVELOPMENT_TEAM = TMS2ETJQ7M;
				INFOPLIST_FILE = "POC-BCT/Info.plist";
				LD_RUNPATH_SEARCH_PATHS = (
					"$(inherited)",
					"@executable_path/Frameworks",
				);
				PRODUCT_BUNDLE_IDENTIFIER = "com.mthivakkar.Test.POC-BCT";
				PRODUCT_NAME = "$(TARGET_NAME)";
				SWIFT_VERSION = 4.0;
				TARGETED_DEVICE_FAMILY = "1,2";
			};
			name = Release;
		};
		CF8570EF20C98F2D0048BCD8 /* Debug */ = {
			isa = XCBuildConfiguration;
			baseConfigurationReference = 96507D51F2A5D0A5A1DEA704 /* Pods-POC-BCTTests.debug.xcconfig */;
			buildSettings = {
				ALWAYS_EMBED_SWIFT_STANDARD_LIBRARIES = YES;
				BUNDLE_LOADER = "$(TEST_HOST)";
				CODE_SIGN_STYLE = Automatic;
				DEVELOPMENT_TEAM = TMS2ETJQ7M;
				INFOPLIST_FILE = "POC-BCTTests/Info.plist";
				LD_RUNPATH_SEARCH_PATHS = (
					"$(inherited)",
					"@executable_path/Frameworks",
					"@loader_path/Frameworks",
				);
				PRODUCT_BUNDLE_IDENTIFIER = "com.mthivakkar.Test.POC-BCTTests";
				PRODUCT_NAME = "$(TARGET_NAME)";
				SWIFT_VERSION = 4.0;
				TARGETED_DEVICE_FAMILY = "1,2";
				TEST_HOST = "$(BUILT_PRODUCTS_DIR)/POC-BCT.app/POC-BCT";
			};
			name = Debug;
		};
		CF8570F020C98F2D0048BCD8 /* Release */ = {
			isa = XCBuildConfiguration;
			baseConfigurationReference = E0BCA491E4F985491E6F106A /* Pods-POC-BCTTests.release.xcconfig */;
			buildSettings = {
				ALWAYS_EMBED_SWIFT_STANDARD_LIBRARIES = YES;
				BUNDLE_LOADER = "$(TEST_HOST)";
				CODE_SIGN_STYLE = Automatic;
				DEVELOPMENT_TEAM = TMS2ETJQ7M;
				INFOPLIST_FILE = "POC-BCTTests/Info.plist";
				LD_RUNPATH_SEARCH_PATHS = (
					"$(inherited)",
					"@executable_path/Frameworks",
					"@loader_path/Frameworks",
				);
				PRODUCT_BUNDLE_IDENTIFIER = "com.mthivakkar.Test.POC-BCTTests";
				PRODUCT_NAME = "$(TARGET_NAME)";
				SWIFT_VERSION = 4.0;
				TARGETED_DEVICE_FAMILY = "1,2";
				TEST_HOST = "$(BUILT_PRODUCTS_DIR)/POC-BCT.app/POC-BCT";
			};
			name = Release;
		};
		CF8570F220C98F2D0048BCD8 /* Debug */ = {
			isa = XCBuildConfiguration;
			baseConfigurationReference = 3DCD3FB3B2917BDEE7843664 /* Pods-POC-BCTUITests.debug.xcconfig */;
			buildSettings = {
				ALWAYS_EMBED_SWIFT_STANDARD_LIBRARIES = YES;
				CODE_SIGN_STYLE = Automatic;
				DEVELOPMENT_TEAM = TMS2ETJQ7M;
				INFOPLIST_FILE = "POC-BCTUITests/Info.plist";
				LD_RUNPATH_SEARCH_PATHS = (
					"$(inherited)",
					"@executable_path/Frameworks",
					"@loader_path/Frameworks",
				);
				PRODUCT_BUNDLE_IDENTIFIER = "com.mthivakkar.Test.POC-BCTUITests";
				PRODUCT_NAME = "$(TARGET_NAME)";
				SWIFT_VERSION = 4.0;
				TARGETED_DEVICE_FAMILY = "1,2";
				TEST_TARGET_NAME = "POC-BCT";
			};
			name = Debug;
		};
		CF8570F320C98F2D0048BCD8 /* Release */ = {
			isa = XCBuildConfiguration;
			baseConfigurationReference = BB6E9AAD0CDE48EB6DAA4E8B /* Pods-POC-BCTUITests.release.xcconfig */;
			buildSettings = {
				ALWAYS_EMBED_SWIFT_STANDARD_LIBRARIES = YES;
				CODE_SIGN_STYLE = Automatic;
				DEVELOPMENT_TEAM = TMS2ETJQ7M;
				INFOPLIST_FILE = "POC-BCTUITests/Info.plist";
				LD_RUNPATH_SEARCH_PATHS = (
					"$(inherited)",
					"@executable_path/Frameworks",
					"@loader_path/Frameworks",
				);
				PRODUCT_BUNDLE_IDENTIFIER = "com.mthivakkar.Test.POC-BCTUITests";
				PRODUCT_NAME = "$(TARGET_NAME)";
				SWIFT_VERSION = 4.0;
				TARGETED_DEVICE_FAMILY = "1,2";
				TEST_TARGET_NAME = "POC-BCT";
			};
			name = Release;
		};
/* End XCBuildConfiguration section */

/* Begin XCConfigurationList section */
		CF8570BB20C98F2B0048BCD8 /* Build configuration list for PBXProject "POC-BCT" */ = {
			isa = XCConfigurationList;
			buildConfigurations = (
				CF8570E920C98F2D0048BCD8 /* Debug */,
				CF8570EA20C98F2D0048BCD8 /* Release */,
			);
			defaultConfigurationIsVisible = 0;
			defaultConfigurationName = Release;
		};
		CF8570EB20C98F2D0048BCD8 /* Build configuration list for PBXNativeTarget "POC-BCT" */ = {
			isa = XCConfigurationList;
			buildConfigurations = (
				CF8570EC20C98F2D0048BCD8 /* Debug */,
				CF8570ED20C98F2D0048BCD8 /* Release */,
			);
			defaultConfigurationIsVisible = 0;
			defaultConfigurationName = Release;
		};
		CF8570EE20C98F2D0048BCD8 /* Build configuration list for PBXNativeTarget "POC-BCTTests" */ = {
			isa = XCConfigurationList;
			buildConfigurations = (
				CF8570EF20C98F2D0048BCD8 /* Debug */,
				CF8570F020C98F2D0048BCD8 /* Release */,
			);
			defaultConfigurationIsVisible = 0;
			defaultConfigurationName = Release;
		};
		CF8570F120C98F2D0048BCD8 /* Build configuration list for PBXNativeTarget "POC-BCTUITests" */ = {
			isa = XCConfigurationList;
			buildConfigurations = (
				CF8570F220C98F2D0048BCD8 /* Debug */,
				CF8570F320C98F2D0048BCD8 /* Release */,
			);
			defaultConfigurationIsVisible = 0;
			defaultConfigurationName = Release;
		};
/* End XCConfigurationList section */

/* Begin XCVersionGroup section */
		CF8570CA20C98F2B0048BCD8 /* POC_BCT.xcdatamodeld */ = {
			isa = XCVersionGroup;
			children = (
				CF8570CB20C98F2B0048BCD8 /* POC_BCT.xcdatamodel */,
			);
			currentVersion = CF8570CB20C98F2B0048BCD8 /* POC_BCT.xcdatamodel */;
			path = POC_BCT.xcdatamodeld;
			sourceTree = "<group>";
			versionGroupType = wrapper.xcdatamodel;
		};
/* End XCVersionGroup section */
	};
	rootObject = CF8570B820C98F2B0048BCD8 /* Project object */;
}
