// !$*UTF8*$!
{
	archiveVersion = 1;
	classes = {
	};
	objectVersion = 50;
	objects = {

/* Begin PBXBuildFile section */
		22F02DCF1CA2FC404E48955D /* Pods_POC_BCTTests.framework in Frameworks */ = {isa = PBXBuildFile; fileRef = 03C18AED4DA7C27428439247 /* Pods_POC_BCTTests.framework */; };
		7094BB9C3D63D2F2C0CA2059 /* Pods_POC_BCTUITests.framework in Frameworks */ = {isa = PBXBuildFile; fileRef = 676982C58C53B62FD059B7AC /* Pods_POC_BCTUITests.framework */; };
		BF64EA46FB9E0CF8823C9180 /* Pods_POC_BCT.framework in Frameworks */ = {isa = PBXBuildFile; fileRef = ACAE1BC7826CCE81C1DC50F1 /* Pods_POC_BCT.framework */; };
		CF01C37B20DDA56D00C7C717 /* projectDetailCollectionCell.swift in Sources */ = {isa = PBXBuildFile; fileRef = CF01C37A20DDA56D00C7C717 /* projectDetailCollectionCell.swift */; };
		CF50016F20D2F0CA00084AB4 /* 1.png in Resources */ = {isa = PBXBuildFile; fileRef = CF50016E20D2F0C900084AB4 /* 1.png */; };
		CF50017120D2F0D100084AB4 /* 2.png in Resources */ = {isa = PBXBuildFile; fileRef = CF50017020D2F0D100084AB4 /* 2.png */; };
		CF62F7B120D03440005281BF /* global.swift in Sources */ = {isa = PBXBuildFile; fileRef = CF62F7B020D03440005281BF /* global.swift */; };
		CF62F7B320D0394A005281BF /* ProjectCreateTableViewController.swift in Sources */ = {isa = PBXBuildFile; fileRef = CF62F7B220D0394A005281BF /* ProjectCreateTableViewController.swift */; };
		CF8570C420C98F2B0048BCD8 /* AppDelegate.swift in Sources */ = {isa = PBXBuildFile; fileRef = CF8570C320C98F2B0048BCD8 /* AppDelegate.swift */; };
		CF8570C620C98F2B0048BCD8 /* ProjectViewController.swift in Sources */ = {isa = PBXBuildFile; fileRef = CF8570C520C98F2B0048BCD8 /* ProjectViewController.swift */; };
		CF8570C920C98F2B0048BCD8 /* Main.storyboard in Resources */ = {isa = PBXBuildFile; fileRef = CF8570C720C98F2B0048BCD8 /* Main.storyboard */; };
		CF8570CC20C98F2B0048BCD8 /* POC_BCT.xcdatamodeld in Sources */ = {isa = PBXBuildFile; fileRef = CF8570CA20C98F2B0048BCD8 /* POC_BCT.xcdatamodeld */; };
		CF8570CE20C98F2C0048BCD8 /* Assets.xcassets in Resources */ = {isa = PBXBuildFile; fileRef = CF8570CD20C98F2C0048BCD8 /* Assets.xcassets */; };
		CF8570D120C98F2C0048BCD8 /* LaunchScreen.storyboard in Resources */ = {isa = PBXBuildFile; fileRef = CF8570CF20C98F2C0048BCD8 /* LaunchScreen.storyboard */; };
		CF8570DC20C98F2D0048BCD8 /* POC_BCTTests.swift in Sources */ = {isa = PBXBuildFile; fileRef = CF8570DB20C98F2D0048BCD8 /* POC_BCTTests.swift */; };
		CF8570E720C98F2D0048BCD8 /* POC_BCTUITests.swift in Sources */ = {isa = PBXBuildFile; fileRef = CF8570E620C98F2D0048BCD8 /* POC_BCTUITests.swift */; };
		CF8570F920C9BCF60048BCD8 /* AssetViewController.swift in Sources */ = {isa = PBXBuildFile; fileRef = CF8570F820C9BCF60048BCD8 /* AssetViewController.swift */; };
		CF8570FB20C9D5A50048BCD8 /* ProjectDetailTableViewController.swift in Sources */ = {isa = PBXBuildFile; fileRef = CF8570FA20C9D5A50048BCD8 /* ProjectDetailTableViewController.swift */; };
		CF897B3720E16A200094E53C /* ProjectAssetEditViewController.swift in Sources */ = {isa = PBXBuildFile; fileRef = CF897B3620E16A200094E53C /* ProjectAssetEditViewController.swift */; };
		CFA5C1A320D184080002FFF3 /* PoolViewController.swift in Sources */ = {isa = PBXBuildFile; fileRef = CFA5C1A220D184080002FFF3 /* PoolViewController.swift */; };
		CFA5C1A620D1900F0002FFF3 /* AssetCreateTableViewController.swift in Sources */ = {isa = PBXBuildFile; fileRef = CFA5C1A520D1900F0002FFF3 /* AssetCreateTableViewController.swift */; };
		CFAFBAC320DC48A0001A4C98 /* AMInputView.swift in Sources */ = {isa = PBXBuildFile; fileRef = CFAFBAC120DC48A0001A4C98 /* AMInputView.swift */; };
		CFAFBAC420DC48A0001A4C98 /* AMInputView.xib in Resources */ = {isa = PBXBuildFile; fileRef = CFAFBAC220DC48A0001A4C98 /* AMInputView.xib */; };
		CFAFBAC720DC497E001A4C98 /* loginViewController.swift in Sources */ = {isa = PBXBuildFile; fileRef = CFAFBAC620DC497E001A4C98 /* loginViewController.swift */; };
		CFAFBAC920DC4AF3001A4C98 /* bctLogo.jpg in Resources */ = {isa = PBXBuildFile; fileRef = CFAFBAC820DC4AF3001A4C98 /* bctLogo.jpg */; };
		CFAFBACB20DC5856001A4C98 /* homeTabController.swift in Sources */ = {isa = PBXBuildFile; fileRef = CFAFBACA20DC5856001A4C98 /* homeTabController.swift */; };
		CFE3B11B20E2E2BD00CCCC20 /* GoogleService-Info.plist in Resources */ = {isa = PBXBuildFile; fileRef = CFE3B11A20E2E2BC00CCCC20 /* GoogleService-Info.plist */; };
/* End PBXBuildFile section */

/* Begin PBXContainerItemProxy section */
		CF8570D820C98F2D0048BCD8 /* PBXContainerItemProxy */ = {
			isa = PBXContainerItemProxy;
			containerPortal = CF8570B820C98F2B0048BCD8 /* Project object */;
			proxyType = 1;
			remoteGlobalIDString = CF8570BF20C98F2B0048BCD8;
			remoteInfo = "POC-BCT";
		};
		CF8570E320C98F2D0048BCD8 /* PBXContainerItemProxy */ = {
			isa = PBXContainerItemProxy;
			containerPortal = CF8570B820C98F2B0048BCD8 /* Project object */;
			proxyType = 1;
			remoteGlobalIDString = CF8570BF20C98F2B0048BCD8;
			remoteInfo = "POC-BCT";
		};
/* End PBXContainerItemProxy section */

/* Begin PBXFileReference section */
		03C18AED4DA7C27428439247 /* Pods_POC_BCTTests.framework */ = {isa = PBXFileReference; explicitFileType = wrapper.framework; includeInIndex = 0; path = Pods_POC_BCTTests.framework; sourceTree = BUILT_PRODUCTS_DIR; };
		3384539801ECCECEDD8BDEB0 /* Pods-POC-BCTTests.release.xcconfig */ = {isa = PBXFileReference; includeInIndex = 1; lastKnownFileType = text.xcconfig; name = "Pods-POC-BCTTests.release.xcconfig"; path = "Pods/Target Support Files/Pods-POC-BCTTests/Pods-POC-BCTTests.release.xcconfig"; sourceTree = "<group>"; };
		3FC807A0CA7648C7109EA499 /* Pods-POC-BCTTests.debug.xcconfig */ = {isa = PBXFileReference; includeInIndex = 1; lastKnownFileType = text.xcconfig; name = "Pods-POC-BCTTests.debug.xcconfig"; path = "Pods/Target Support Files/Pods-POC-BCTTests/Pods-POC-BCTTests.debug.xcconfig"; sourceTree = "<group>"; };
		676982C58C53B62FD059B7AC /* Pods_POC_BCTUITests.framework */ = {isa = PBXFileReference; explicitFileType = wrapper.framework; includeInIndex = 0; path = Pods_POC_BCTUITests.framework; sourceTree = BUILT_PRODUCTS_DIR; };
		9779FA144B2DACB2113E0F1E /* Pods-POC-BCTUITests.debug.xcconfig */ = {isa = PBXFileReference; includeInIndex = 1; lastKnownFileType = text.xcconfig; name = "Pods-POC-BCTUITests.debug.xcconfig"; path = "Pods/Target Support Files/Pods-POC-BCTUITests/Pods-POC-BCTUITests.debug.xcconfig"; sourceTree = "<group>"; };
		ACAE1BC7826CCE81C1DC50F1 /* Pods_POC_BCT.framework */ = {isa = PBXFileReference; explicitFileType = wrapper.framework; includeInIndex = 0; path = Pods_POC_BCT.framework; sourceTree = BUILT_PRODUCTS_DIR; };
		B552B941244EB819058F63C0 /* Pods-POC-BCT.release.xcconfig */ = {isa = PBXFileReference; includeInIndex = 1; lastKnownFileType = text.xcconfig; name = "Pods-POC-BCT.release.xcconfig"; path = "Pods/Target Support Files/Pods-POC-BCT/Pods-POC-BCT.release.xcconfig"; sourceTree = "<group>"; };
		C0C20972BFEF75FDD5C10088 /* Pods-POC-BCTUITests.release.xcconfig */ = {isa = PBXFileReference; includeInIndex = 1; lastKnownFileType = text.xcconfig; name = "Pods-POC-BCTUITests.release.xcconfig"; path = "Pods/Target Support Files/Pods-POC-BCTUITests/Pods-POC-BCTUITests.release.xcconfig"; sourceTree = "<group>"; };
		C9CCED7D19DC4422C2E088EE /* Pods-POC-BCT.debug.xcconfig */ = {isa = PBXFileReference; includeInIndex = 1; lastKnownFileType = text.xcconfig; name = "Pods-POC-BCT.debug.xcconfig"; path = "Pods/Target Support Files/Pods-POC-BCT/Pods-POC-BCT.debug.xcconfig"; sourceTree = "<group>"; };
		CF01C37A20DDA56D00C7C717 /* projectDetailCollectionCell.swift */ = {isa = PBXFileReference; lastKnownFileType = sourcecode.swift; path = projectDetailCollectionCell.swift; sourceTree = "<group>"; };
		CF50016E20D2F0C900084AB4 /* 1.png */ = {isa = PBXFileReference; lastKnownFileType = image.png; path = 1.png; sourceTree = "<group>"; };
		CF50017020D2F0D100084AB4 /* 2.png */ = {isa = PBXFileReference; lastKnownFileType = image.png; path = 2.png; sourceTree = "<group>"; };
		CF62F7B020D03440005281BF /* global.swift */ = {isa = PBXFileReference; lastKnownFileType = sourcecode.swift; path = global.swift; sourceTree = "<group>"; };
		CF62F7B220D0394A005281BF /* ProjectCreateTableViewController.swift */ = {isa = PBXFileReference; lastKnownFileType = sourcecode.swift; path = ProjectCreateTableViewController.swift; sourceTree = "<group>"; };
		CF8570C020C98F2B0048BCD8 /* POC-BCT.app */ = {isa = PBXFileReference; explicitFileType = wrapper.application; includeInIndex = 0; path = "POC-BCT.app"; sourceTree = BUILT_PRODUCTS_DIR; };
		CF8570C320C98F2B0048BCD8 /* AppDelegate.swift */ = {isa = PBXFileReference; lastKnownFileType = sourcecode.swift; path = AppDelegate.swift; sourceTree = "<group>"; };
		CF8570C520C98F2B0048BCD8 /* ProjectViewController.swift */ = {isa = PBXFileReference; lastKnownFileType = sourcecode.swift; path = ProjectViewController.swift; sourceTree = "<group>"; };
		CF8570C820C98F2B0048BCD8 /* Base */ = {isa = PBXFileReference; lastKnownFileType = file.storyboard; name = Base; path = Base.lproj/Main.storyboard; sourceTree = "<group>"; };
		CF8570CB20C98F2B0048BCD8 /* POC_BCT.xcdatamodel */ = {isa = PBXFileReference; lastKnownFileType = wrapper.xcdatamodel; path = POC_BCT.xcdatamodel; sourceTree = "<group>"; };
		CF8570CD20C98F2C0048BCD8 /* Assets.xcassets */ = {isa = PBXFileReference; lastKnownFileType = folder.assetcatalog; path = Assets.xcassets; sourceTree = "<group>"; };
		CF8570D020C98F2C0048BCD8 /* Base */ = {isa = PBXFileReference; lastKnownFileType = file.storyboard; name = Base; path = Base.lproj/LaunchScreen.storyboard; sourceTree = "<group>"; };
		CF8570D220C98F2D0048BCD8 /* Info.plist */ = {isa = PBXFileReference; lastKnownFileType = text.plist.xml; path = Info.plist; sourceTree = "<group>"; };
		CF8570D720C98F2D0048BCD8 /* POC-BCTTests.xctest */ = {isa = PBXFileReference; explicitFileType = wrapper.cfbundle; includeInIndex = 0; path = "POC-BCTTests.xctest"; sourceTree = BUILT_PRODUCTS_DIR; };
		CF8570DB20C98F2D0048BCD8 /* POC_BCTTests.swift */ = {isa = PBXFileReference; lastKnownFileType = sourcecode.swift; path = POC_BCTTests.swift; sourceTree = "<group>"; };
		CF8570DD20C98F2D0048BCD8 /* Info.plist */ = {isa = PBXFileReference; lastKnownFileType = text.plist.xml; path = Info.plist; sourceTree = "<group>"; };
		CF8570E220C98F2D0048BCD8 /* POC-BCTUITests.xctest */ = {isa = PBXFileReference; explicitFileType = wrapper.cfbundle; includeInIndex = 0; path = "POC-BCTUITests.xctest"; sourceTree = BUILT_PRODUCTS_DIR; };
		CF8570E620C98F2D0048BCD8 /* POC_BCTUITests.swift */ = {isa = PBXFileReference; lastKnownFileType = sourcecode.swift; path = POC_BCTUITests.swift; sourceTree = "<group>"; };
		CF8570E820C98F2D0048BCD8 /* Info.plist */ = {isa = PBXFileReference; lastKnownFileType = text.plist.xml; path = Info.plist; sourceTree = "<group>"; };
		CF8570F820C9BCF60048BCD8 /* AssetViewController.swift */ = {isa = PBXFileReference; lastKnownFileType = sourcecode.swift; path = AssetViewController.swift; sourceTree = "<group>"; tabWidth = 4; };
		CF8570FA20C9D5A50048BCD8 /* ProjectDetailTableViewController.swift */ = {isa = PBXFileReference; lastKnownFileType = sourcecode.swift; path = ProjectDetailTableViewController.swift; sourceTree = "<group>"; };
		CF897B3620E16A200094E53C /* ProjectAssetEditViewController.swift */ = {isa = PBXFileReference; lastKnownFileType = sourcecode.swift; path = ProjectAssetEditViewController.swift; sourceTree = "<group>"; };
		CFA5C1A220D184080002FFF3 /* PoolViewController.swift */ = {isa = PBXFileReference; lastKnownFileType = sourcecode.swift; path = PoolViewController.swift; sourceTree = "<group>"; };
		CFA5C1A520D1900F0002FFF3 /* AssetCreateTableViewController.swift */ = {isa = PBXFileReference; lastKnownFileType = sourcecode.swift; path = AssetCreateTableViewController.swift; sourceTree = "<group>"; };
		CFAFBAC120DC48A0001A4C98 /* AMInputView.swift */ = {isa = PBXFileReference; fileEncoding = 4; lastKnownFileType = sourcecode.swift; path = AMInputView.swift; sourceTree = "<group>"; };
		CFAFBAC220DC48A0001A4C98 /* AMInputView.xib */ = {isa = PBXFileReference; fileEncoding = 4; lastKnownFileType = file.xib; path = AMInputView.xib; sourceTree = "<group>"; };
		CFAFBAC620DC497E001A4C98 /* loginViewController.swift */ = {isa = PBXFileReference; lastKnownFileType = sourcecode.swift; path = loginViewController.swift; sourceTree = "<group>"; };
		CFAFBAC820DC4AF3001A4C98 /* bctLogo.jpg */ = {isa = PBXFileReference; lastKnownFileType = image.jpeg; path = bctLogo.jpg; sourceTree = "<group>"; };
		CFAFBACA20DC5856001A4C98 /* homeTabController.swift */ = {isa = PBXFileReference; lastKnownFileType = sourcecode.swift; path = homeTabController.swift; sourceTree = "<group>"; };
		CFE3B11A20E2E2BC00CCCC20 /* GoogleService-Info.plist */ = {isa = PBXFileReference; fileEncoding = 4; lastKnownFileType = text.plist.xml; path = "GoogleService-Info.plist"; sourceTree = "<group>"; };
/* End PBXFileReference section */

/* Begin PBXFrameworksBuildPhase section */
		CF8570BD20C98F2B0048BCD8 /* Frameworks */ = {
			isa = PBXFrameworksBuildPhase;
			buildActionMask = 2147483647;
			files = (
				BF64EA46FB9E0CF8823C9180 /* Pods_POC_BCT.framework in Frameworks */,
			);
			runOnlyForDeploymentPostprocessing = 0;
		};
		CF8570D420C98F2D0048BCD8 /* Frameworks */ = {
			isa = PBXFrameworksBuildPhase;
			buildActionMask = 2147483647;
			files = (
				22F02DCF1CA2FC404E48955D /* Pods_POC_BCTTests.framework in Frameworks */,
			);
			runOnlyForDeploymentPostprocessing = 0;
		};
		CF8570DF20C98F2D0048BCD8 /* Frameworks */ = {
			isa = PBXFrameworksBuildPhase;
			buildActionMask = 2147483647;
			files = (
				7094BB9C3D63D2F2C0CA2059 /* Pods_POC_BCTUITests.framework in Frameworks */,
			);
			runOnlyForDeploymentPostprocessing = 0;
		};
/* End PBXFrameworksBuildPhase section */

/* Begin PBXGroup section */
		8FD9FE8D2D2FF900E5334F66 /* Frameworks */ = {
			isa = PBXGroup;
			children = (
				ACAE1BC7826CCE81C1DC50F1 /* Pods_POC_BCT.framework */,
				03C18AED4DA7C27428439247 /* Pods_POC_BCTTests.framework */,
				676982C58C53B62FD059B7AC /* Pods_POC_BCTUITests.framework */,
			);
			name = Frameworks;
			sourceTree = "<group>";
		};
		A55FBAE72C87DC9CD30F4C1D /* Pods */ = {
			isa = PBXGroup;
			children = (
				C9CCED7D19DC4422C2E088EE /* Pods-POC-BCT.debug.xcconfig */,
				B552B941244EB819058F63C0 /* Pods-POC-BCT.release.xcconfig */,
				3FC807A0CA7648C7109EA499 /* Pods-POC-BCTTests.debug.xcconfig */,
				3384539801ECCECEDD8BDEB0 /* Pods-POC-BCTTests.release.xcconfig */,
				9779FA144B2DACB2113E0F1E /* Pods-POC-BCTUITests.debug.xcconfig */,
				C0C20972BFEF75FDD5C10088 /* Pods-POC-BCTUITests.release.xcconfig */,
			);
			name = Pods;
			sourceTree = "<group>";
		};
		CF50017220D2F0DC00084AB4 /* Pictures */ = {
			isa = PBXGroup;
			children = (
				CF50016E20D2F0C900084AB4 /* 1.png */,
				CFAFBAC820DC4AF3001A4C98 /* bctLogo.jpg */,
				CF50017020D2F0D100084AB4 /* 2.png */,
			);
			path = Pictures;
			sourceTree = "<group>";
		};
		CF74496820CF11F200A9D062 /* Login and Signup */ = {
			isa = PBXGroup;
			children = (
				CFAFBAC620DC497E001A4C98 /* loginViewController.swift */,
			);
			path = "Login and Signup";
			sourceTree = "<group>";
		};
		CF74496920CF125100A9D062 /* Project */ = {
			isa = PBXGroup;
			children = (
				CF8570C520C98F2B0048BCD8 /* ProjectViewController.swift */,
				CF8570FA20C9D5A50048BCD8 /* ProjectDetailTableViewController.swift */,
				CF01C37A20DDA56D00C7C717 /* projectDetailCollectionCell.swift */,
				CF897B3620E16A200094E53C /* ProjectAssetEditViewController.swift */,
				CF62F7B220D0394A005281BF /* ProjectCreateTableViewController.swift */,
			);
			path = Project;
			sourceTree = "<group>";
		};
		CF74496A20CF125A00A9D062 /* Assets */ = {
			isa = PBXGroup;
			children = (
				CF8570F820C9BCF60048BCD8 /* AssetViewController.swift */,
				CFA5C1A520D1900F0002FFF3 /* AssetCreateTableViewController.swift */,
			);
			path = Assets;
			sourceTree = "<group>";
		};
		CF74496B20CF126600A9D062 /* Others */ = {
			isa = PBXGroup;
			children = (
				CF8570CD20C98F2C0048BCD8 /* Assets.xcassets */,
				CF8570CF20C98F2C0048BCD8 /* LaunchScreen.storyboard */,
				CFE3B11A20E2E2BC00CCCC20 /* GoogleService-Info.plist */,
				CF8570CA20C98F2B0048BCD8 /* POC_BCT.xcdatamodeld */,
			);
			path = Others;
			sourceTree = "<group>";
		};
		CF74497020CF24E600A9D062 /* Home */ = {
			isa = PBXGroup;
			children = (
				CFAFBACA20DC5856001A4C98 /* homeTabController.swift */,
			);
			path = Home;
			sourceTree = "<group>";
		};
		CF8570B720C98F2B0048BCD8 = {
			isa = PBXGroup;
			children = (
				CF8570C220C98F2B0048BCD8 /* POC-BCT */,
				CF8570DA20C98F2D0048BCD8 /* POC-BCTTests */,
				CF8570E520C98F2D0048BCD8 /* POC-BCTUITests */,
				CF8570C120C98F2B0048BCD8 /* Products */,
				A55FBAE72C87DC9CD30F4C1D /* Pods */,
				8FD9FE8D2D2FF900E5334F66 /* Frameworks */,
			);
			sourceTree = "<group>";
		};
		CF8570C120C98F2B0048BCD8 /* Products */ = {
			isa = PBXGroup;
			children = (
				CF8570C020C98F2B0048BCD8 /* POC-BCT.app */,
				CF8570D720C98F2D0048BCD8 /* POC-BCTTests.xctest */,
				CF8570E220C98F2D0048BCD8 /* POC-BCTUITests.xctest */,
			);
			name = Products;
			sourceTree = "<group>";
		};
		CF8570C220C98F2B0048BCD8 /* POC-BCT */ = {
			isa = PBXGroup;
			children = (
				CF8570C320C98F2B0048BCD8 /* AppDelegate.swift */,
				CF62F7B020D03440005281BF /* global.swift */,
				CFAFBAC020DC48A0001A4C98 /* AMInputView */,
				CFA5C1A420D18FEA0002FFF3 /* General Pool */,
				CF74497020CF24E600A9D062 /* Home */,
				CF74496820CF11F200A9D062 /* Login and Signup */,
				CF74496920CF125100A9D062 /* Project */,
				CF74496A20CF125A00A9D062 /* Assets */,
				CF50017220D2F0DC00084AB4 /* Pictures */,
				CF8570C720C98F2B0048BCD8 /* Main.storyboard */,
				CF8570D220C98F2D0048BCD8 /* Info.plist */,
				CF74496B20CF126600A9D062 /* Others */,
			);
			path = "POC-BCT";
			sourceTree = "<group>";
		};
		CF8570DA20C98F2D0048BCD8 /* POC-BCTTests */ = {
			isa = PBXGroup;
			children = (
				CF8570DB20C98F2D0048BCD8 /* POC_BCTTests.swift */,
				CF8570DD20C98F2D0048BCD8 /* Info.plist */,
			);
			path = "POC-BCTTests";
			sourceTree = "<group>";
		};
		CF8570E520C98F2D0048BCD8 /* POC-BCTUITests */ = {
			isa = PBXGroup;
			children = (
				CF8570E620C98F2D0048BCD8 /* POC_BCTUITests.swift */,
				CF8570E820C98F2D0048BCD8 /* Info.plist */,
			);
			path = "POC-BCTUITests";
			sourceTree = "<group>";
		};
		CFA5C1A420D18FEA0002FFF3 /* General Pool */ = {
			isa = PBXGroup;
			children = (
				CFA5C1A220D184080002FFF3 /* PoolViewController.swift */,
			);
			path = "General Pool";
			sourceTree = "<group>";
		};
		CFAFBAC020DC48A0001A4C98 /* AMInputView */ = {
			isa = PBXGroup;
			children = (
				CFAFBAC120DC48A0001A4C98 /* AMInputView.swift */,
				CFAFBAC220DC48A0001A4C98 /* AMInputView.xib */,
			);
			path = AMInputView;
			sourceTree = "<group>";
		};
/* End PBXGroup section */

/* Begin PBXNativeTarget section */
		CF8570BF20C98F2B0048BCD8 /* POC-BCT */ = {
			isa = PBXNativeTarget;
			buildConfigurationList = CF8570EB20C98F2D0048BCD8 /* Build configuration list for PBXNativeTarget "POC-BCT" */;
			buildPhases = (
				1C59B3449D475D480C3D8796 /* [CP] Check Pods Manifest.lock */,
				CF8570BC20C98F2B0048BCD8 /* Sources */,
				CF8570BD20C98F2B0048BCD8 /* Frameworks */,
				CF8570BE20C98F2B0048BCD8 /* Resources */,
				FAA6F1C14DD99A501C9209D4 /* [CP] Embed Pods Frameworks */,
			);
			buildRules = (
			);
			dependencies = (
			);
			name = "POC-BCT";
			productName = "POC-BCT";
			productReference = CF8570C020C98F2B0048BCD8 /* POC-BCT.app */;
			productType = "com.apple.product-type.application";
		};
		CF8570D620C98F2D0048BCD8 /* POC-BCTTests */ = {
			isa = PBXNativeTarget;
			buildConfigurationList = CF8570EE20C98F2D0048BCD8 /* Build configuration list for PBXNativeTarget "POC-BCTTests" */;
			buildPhases = (
				193762DD2FB1299E44284617 /* [CP] Check Pods Manifest.lock */,
				CF8570D320C98F2D0048BCD8 /* Sources */,
				CF8570D420C98F2D0048BCD8 /* Frameworks */,
				CF8570D520C98F2D0048BCD8 /* Resources */,
			);
			buildRules = (
			);
			dependencies = (
				CF8570D920C98F2D0048BCD8 /* PBXTargetDependency */,
			);
			name = "POC-BCTTests";
			productName = "POC-BCTTests";
			productReference = CF8570D720C98F2D0048BCD8 /* POC-BCTTests.xctest */;
			productType = "com.apple.product-type.bundle.unit-test";
		};
		CF8570E120C98F2D0048BCD8 /* POC-BCTUITests */ = {
			isa = PBXNativeTarget;
			buildConfigurationList = CF8570F120C98F2D0048BCD8 /* Build configuration list for PBXNativeTarget "POC-BCTUITests" */;
			buildPhases = (
				E9D45D92809E748878E4F6E0 /* [CP] Check Pods Manifest.lock */,
				CF8570DE20C98F2D0048BCD8 /* Sources */,
				CF8570DF20C98F2D0048BCD8 /* Frameworks */,
				CF8570E020C98F2D0048BCD8 /* Resources */,
			);
			buildRules = (
			);
			dependencies = (
				CF8570E420C98F2D0048BCD8 /* PBXTargetDependency */,
			);
			name = "POC-BCTUITests";
			productName = "POC-BCTUITests";
			productReference = CF8570E220C98F2D0048BCD8 /* POC-BCTUITests.xctest */;
			productType = "com.apple.product-type.bundle.ui-testing";
		};
/* End PBXNativeTarget section */

/* Begin PBXProject section */
		CF8570B820C98F2B0048BCD8 /* Project object */ = {
			isa = PBXProject;
			attributes = {
				LastSwiftUpdateCheck = 0930;
				LastUpgradeCheck = 0930;
				ORGANIZATIONNAME = "Thivakkar Mahendran";
				TargetAttributes = {
					CF8570BF20C98F2B0048BCD8 = {
						CreatedOnToolsVersion = 9.3;
					};
					CF8570D620C98F2D0048BCD8 = {
						CreatedOnToolsVersion = 9.3;
						TestTargetID = CF8570BF20C98F2B0048BCD8;
					};
					CF8570E120C98F2D0048BCD8 = {
						CreatedOnToolsVersion = 9.3;
						TestTargetID = CF8570BF20C98F2B0048BCD8;
					};
				};
			};
			buildConfigurationList = CF8570BB20C98F2B0048BCD8 /* Build configuration list for PBXProject "POC-BCT" */;
			compatibilityVersion = "Xcode 9.3";
			developmentRegion = en;
			hasScannedForEncodings = 0;
			knownRegions = (
				en,
				Base,
			);
			mainGroup = CF8570B720C98F2B0048BCD8;
			productRefGroup = CF8570C120C98F2B0048BCD8 /* Products */;
			projectDirPath = "";
			projectRoot = "";
			targets = (
				CF8570BF20C98F2B0048BCD8 /* POC-BCT */,
				CF8570D620C98F2D0048BCD8 /* POC-BCTTests */,
				CF8570E120C98F2D0048BCD8 /* POC-BCTUITests */,
			);
		};
/* End PBXProject section */

/* Begin PBXResourcesBuildPhase section */
		CF8570BE20C98F2B0048BCD8 /* Resources */ = {
			isa = PBXResourcesBuildPhase;
			buildActionMask = 2147483647;
			files = (
				CF8570D120C98F2C0048BCD8 /* LaunchScreen.storyboard in Resources */,
				CFE3B11B20E2E2BD00CCCC20 /* GoogleService-Info.plist in Resources */,
				CF50016F20D2F0CA00084AB4 /* 1.png in Resources */,
				CF8570CE20C98F2C0048BCD8 /* Assets.xcassets in Resources */,
				CFAFBAC920DC4AF3001A4C98 /* bctLogo.jpg in Resources */,
				CF50017120D2F0D100084AB4 /* 2.png in Resources */,
				CF8570C920C98F2B0048BCD8 /* Main.storyboard in Resources */,
				CFAFBAC420DC48A0001A4C98 /* AMInputView.xib in Resources */,
			);
			runOnlyForDeploymentPostprocessing = 0;
		};
		CF8570D520C98F2D0048BCD8 /* Resources */ = {
			isa = PBXResourcesBuildPhase;
			buildActionMask = 2147483647;
			files = (
			);
			runOnlyForDeploymentPostprocessing = 0;
		};
		CF8570E020C98F2D0048BCD8 /* Resources */ = {
			isa = PBXResourcesBuildPhase;
			buildActionMask = 2147483647;
			files = (
			);
			runOnlyForDeploymentPostprocessing = 0;
		};
/* End PBXResourcesBuildPhase section */

/* Begin PBXShellScriptBuildPhase section */
		193762DD2FB1299E44284617 /* [CP] Check Pods Manifest.lock */ = {
			isa = PBXShellScriptBuildPhase;
			buildActionMask = 2147483647;
			files = (
			);
			inputPaths = (
				"${PODS_PODFILE_DIR_PATH}/Podfile.lock",
				"${PODS_ROOT}/Manifest.lock",
			);
			name = "[CP] Check Pods Manifest.lock";
			outputPaths = (
				"$(DERIVED_FILE_DIR)/Pods-POC-BCTTests-checkManifestLockResult.txt",
			);
			runOnlyForDeploymentPostprocessing = 0;
			shellPath = /bin/sh;
			shellScript = "diff \"${PODS_PODFILE_DIR_PATH}/Podfile.lock\" \"${PODS_ROOT}/Manifest.lock\" > /dev/null\nif [ $? != 0 ] ; then\n    # print error to STDERR\n    echo \"error: The sandbox is not in sync with the Podfile.lock. Run 'pod install' or update your CocoaPods installation.\" >&2\n    exit 1\nfi\n# This output is used by Xcode 'outputs' to avoid re-running this script phase.\necho \"SUCCESS\" > \"${SCRIPT_OUTPUT_FILE_0}\"\n";
			showEnvVarsInLog = 0;
		};
		1C59B3449D475D480C3D8796 /* [CP] Check Pods Manifest.lock */ = {
			isa = PBXShellScriptBuildPhase;
			buildActionMask = 2147483647;
			files = (
			);
			inputPaths = (
				"${PODS_PODFILE_DIR_PATH}/Podfile.lock",
				"${PODS_ROOT}/Manifest.lock",
			);
			name = "[CP] Check Pods Manifest.lock";
			outputPaths = (
				"$(DERIVED_FILE_DIR)/Pods-POC-BCT-checkManifestLockResult.txt",
			);
			runOnlyForDeploymentPostprocessing = 0;
			shellPath = /bin/sh;
			shellScript = "diff \"${PODS_PODFILE_DIR_PATH}/Podfile.lock\" \"${PODS_ROOT}/Manifest.lock\" > /dev/null\nif [ $? != 0 ] ; then\n    # print error to STDERR\n    echo \"error: The sandbox is not in sync with the Podfile.lock. Run 'pod install' or update your CocoaPods installation.\" >&2\n    exit 1\nfi\n# This output is used by Xcode 'outputs' to avoid re-running this script phase.\necho \"SUCCESS\" > \"${SCRIPT_OUTPUT_FILE_0}\"\n";
			showEnvVarsInLog = 0;
		};
		E9D45D92809E748878E4F6E0 /* [CP] Check Pods Manifest.lock */ = {
			isa = PBXShellScriptBuildPhase;
			buildActionMask = 2147483647;
			files = (
			);
			inputPaths = (
				"${PODS_PODFILE_DIR_PATH}/Podfile.lock",
				"${PODS_ROOT}/Manifest.lock",
			);
			name = "[CP] Check Pods Manifest.lock";
			outputPaths = (
				"$(DERIVED_FILE_DIR)/Pods-POC-BCTUITests-checkManifestLockResult.txt",
			);
			runOnlyForDeploymentPostprocessing = 0;
			shellPath = /bin/sh;
			shellScript = "diff \"${PODS_PODFILE_DIR_PATH}/Podfile.lock\" \"${PODS_ROOT}/Manifest.lock\" > /dev/null\nif [ $? != 0 ] ; then\n    # print error to STDERR\n    echo \"error: The sandbox is not in sync with the Podfile.lock. Run 'pod install' or update your CocoaPods installation.\" >&2\n    exit 1\nfi\n# This output is used by Xcode 'outputs' to avoid re-running this script phase.\necho \"SUCCESS\" > \"${SCRIPT_OUTPUT_FILE_0}\"\n";
			showEnvVarsInLog = 0;
		};
		FAA6F1C14DD99A501C9209D4 /* [CP] Embed Pods Frameworks */ = {
			isa = PBXShellScriptBuildPhase;
			buildActionMask = 2147483647;
			files = (
			);
			inputPaths = (
				"${SRCROOT}/Pods/Target Support Files/Pods-POC-BCT/Pods-POC-BCT-frameworks.sh",
				"${BUILT_PRODUCTS_DIR}/GTMSessionFetcher/GTMSessionFetcher.framework",
				"${BUILT_PRODUCTS_DIR}/GoogleToolboxForMac/GoogleToolboxForMac.framework",
				"${BUILT_PRODUCTS_DIR}/Protobuf/Protobuf.framework",
				"${BUILT_PRODUCTS_DIR}/leveldb-library/leveldb.framework",
				"${BUILT_PRODUCTS_DIR}/nanopb/nanopb.framework",
			);
			name = "[CP] Embed Pods Frameworks";
			outputPaths = (
				"${TARGET_BUILD_DIR}/${FRAMEWORKS_FOLDER_PATH}/GTMSessionFetcher.framework",
				"${TARGET_BUILD_DIR}/${FRAMEWORKS_FOLDER_PATH}/GoogleToolboxForMac.framework",
				"${TARGET_BUILD_DIR}/${FRAMEWORKS_FOLDER_PATH}/Protobuf.framework",
				"${TARGET_BUILD_DIR}/${FRAMEWORKS_FOLDER_PATH}/leveldb.framework",
				"${TARGET_BUILD_DIR}/${FRAMEWORKS_FOLDER_PATH}/nanopb.framework",
			);
			runOnlyForDeploymentPostprocessing = 0;
			shellPath = /bin/sh;
			shellScript = "\"${SRCROOT}/Pods/Target Support Files/Pods-POC-BCT/Pods-POC-BCT-frameworks.sh\"\n";
			showEnvVarsInLog = 0;
		};
/* End PBXShellScriptBuildPhase section */

/* Begin PBXSourcesBuildPhase section */
		CF8570BC20C98F2B0048BCD8 /* Sources */ = {
			isa = PBXSourcesBuildPhase;
			buildActionMask = 2147483647;
			files = (
				CF8570CC20C98F2B0048BCD8 /* POC_BCT.xcdatamodeld in Sources */,
				CFA5C1A620D1900F0002FFF3 /* AssetCreateTableViewController.swift in Sources */,
				CF62F7B320D0394A005281BF /* ProjectCreateTableViewController.swift in Sources */,
				CF62F7B120D03440005281BF /* global.swift in Sources */,
				CFAFBACB20DC5856001A4C98 /* homeTabController.swift in Sources */,
				CFA5C1A320D184080002FFF3 /* PoolViewController.swift in Sources */,
				CF8570FB20C9D5A50048BCD8 /* ProjectDetailTableViewController.swift in Sources */,
				CF8570C620C98F2B0048BCD8 /* ProjectViewController.swift in Sources */,
				CFAFBAC320DC48A0001A4C98 /* AMInputView.swift in Sources */,
				CF897B3720E16A200094E53C /* ProjectAssetEditViewController.swift in Sources */,
				CF01C37B20DDA56D00C7C717 /* projectDetailCollectionCell.swift in Sources */,
				CF8570C420C98F2B0048BCD8 /* AppDelegate.swift in Sources */,
				CF8570F920C9BCF60048BCD8 /* AssetViewController.swift in Sources */,
				CFAFBAC720DC497E001A4C98 /* loginViewController.swift in Sources */,
			);
			runOnlyForDeploymentPostprocessing = 0;
		};
		CF8570D320C98F2D0048BCD8 /* Sources */ = {
			isa = PBXSourcesBuildPhase;
			buildActionMask = 2147483647;
			files = (
				CF8570DC20C98F2D0048BCD8 /* POC_BCTTests.swift in Sources */,
			);
			runOnlyForDeploymentPostprocessing = 0;
		};
		CF8570DE20C98F2D0048BCD8 /* Sources */ = {
			isa = PBXSourcesBuildPhase;
			buildActionMask = 2147483647;
			files = (
				CF8570E720C98F2D0048BCD8 /* POC_BCTUITests.swift in Sources */,
			);
			runOnlyForDeploymentPostprocessing = 0;
		};
/* End PBXSourcesBuildPhase section */

/* Begin PBXTargetDependency section */
		CF8570D920C98F2D0048BCD8 /* PBXTargetDependency */ = {
			isa = PBXTargetDependency;
			target = CF8570BF20C98F2B0048BCD8 /* POC-BCT */;
			targetProxy = CF8570D820C98F2D0048BCD8 /* PBXContainerItemProxy */;
		};
		CF8570E420C98F2D0048BCD8 /* PBXTargetDependency */ = {
			isa = PBXTargetDependency;
			target = CF8570BF20C98F2B0048BCD8 /* POC-BCT */;
			targetProxy = CF8570E320C98F2D0048BCD8 /* PBXContainerItemProxy */;
		};
/* End PBXTargetDependency section */

/* Begin PBXVariantGroup section */
		CF8570C720C98F2B0048BCD8 /* Main.storyboard */ = {
			isa = PBXVariantGroup;
			children = (
				CF8570C820C98F2B0048BCD8 /* Base */,
			);
			name = Main.storyboard;
			sourceTree = "<group>";
		};
		CF8570CF20C98F2C0048BCD8 /* LaunchScreen.storyboard */ = {
			isa = PBXVariantGroup;
			children = (
				CF8570D020C98F2C0048BCD8 /* Base */,
			);
			name = LaunchScreen.storyboard;
			sourceTree = "<group>";
		};
/* End PBXVariantGroup section */

/* Begin XCBuildConfiguration section */
		CF8570E920C98F2D0048BCD8 /* Debug */ = {
			isa = XCBuildConfiguration;
			buildSettings = {
				ALWAYS_SEARCH_USER_PATHS = NO;
				CLANG_ANALYZER_NONNULL = YES;
				CLANG_ANALYZER_NUMBER_OBJECT_CONVERSION = YES_AGGRESSIVE;
				CLANG_CXX_LANGUAGE_STANDARD = "gnu++14";
				CLANG_CXX_LIBRARY = "libc++";
				CLANG_ENABLE_MODULES = YES;
				CLANG_ENABLE_OBJC_ARC = YES;
				CLANG_ENABLE_OBJC_WEAK = YES;
				CLANG_WARN_BLOCK_CAPTURE_AUTORELEASING = YES;
				CLANG_WARN_BOOL_CONVERSION = YES;
				CLANG_WARN_COMMA = YES;
				CLANG_WARN_CONSTANT_CONVERSION = YES;
				CLANG_WARN_DEPRECATED_OBJC_IMPLEMENTATIONS = YES;
				CLANG_WARN_DIRECT_OBJC_ISA_USAGE = YES_ERROR;
				CLANG_WARN_DOCUMENTATION_COMMENTS = YES;
				CLANG_WARN_EMPTY_BODY = YES;
				CLANG_WARN_ENUM_CONVERSION = YES;
				CLANG_WARN_INFINITE_RECURSION = YES;
				CLANG_WARN_INT_CONVERSION = YES;
				CLANG_WARN_NON_LITERAL_NULL_CONVERSION = YES;
				CLANG_WARN_OBJC_IMPLICIT_RETAIN_SELF = YES;
				CLANG_WARN_OBJC_LITERAL_CONVERSION = YES;
				CLANG_WARN_OBJC_ROOT_CLASS = YES_ERROR;
				CLANG_WARN_RANGE_LOOP_ANALYSIS = YES;
				CLANG_WARN_STRICT_PROTOTYPES = YES;
				CLANG_WARN_SUSPICIOUS_MOVE = YES;
				CLANG_WARN_UNGUARDED_AVAILABILITY = YES_AGGRESSIVE;
				CLANG_WARN_UNREACHABLE_CODE = YES;
				CLANG_WARN__DUPLICATE_METHOD_MATCH = YES;
				CODE_SIGN_IDENTITY = "iPhone Developer";
				COPY_PHASE_STRIP = NO;
				DEBUG_INFORMATION_FORMAT = dwarf;
				ENABLE_STRICT_OBJC_MSGSEND = YES;
				ENABLE_TESTABILITY = YES;
				GCC_C_LANGUAGE_STANDARD = gnu11;
				GCC_DYNAMIC_NO_PIC = NO;
				GCC_NO_COMMON_BLOCKS = YES;
				GCC_OPTIMIZATION_LEVEL = 0;
				GCC_PREPROCESSOR_DEFINITIONS = (
					"DEBUG=1",
					"$(inherited)",
				);
				GCC_WARN_64_TO_32_BIT_CONVERSION = YES;
				GCC_WARN_ABOUT_RETURN_TYPE = YES_ERROR;
				GCC_WARN_UNDECLARED_SELECTOR = YES;
				GCC_WARN_UNINITIALIZED_AUTOS = YES_AGGRESSIVE;
				GCC_WARN_UNUSED_FUNCTION = YES;
				GCC_WARN_UNUSED_VARIABLE = YES;
				IPHONEOS_DEPLOYMENT_TARGET = 11.3;
				MTL_ENABLE_DEBUG_INFO = YES;
				ONLY_ACTIVE_ARCH = YES;
				SDKROOT = iphoneos;
				SWIFT_ACTIVE_COMPILATION_CONDITIONS = DEBUG;
				SWIFT_OPTIMIZATION_LEVEL = "-Onone";
			};
			name = Debug;
		};
		CF8570EA20C98F2D0048BCD8 /* Release */ = {
			isa = XCBuildConfiguration;
			buildSettings = {
				ALWAYS_SEARCH_USER_PATHS = NO;
				CLANG_ANALYZER_NONNULL = YES;
				CLANG_ANALYZER_NUMBER_OBJECT_CONVERSION = YES_AGGRESSIVE;
				CLANG_CXX_LANGUAGE_STANDARD = "gnu++14";
				CLANG_CXX_LIBRARY = "libc++";
				CLANG_ENABLE_MODULES = YES;
				CLANG_ENABLE_OBJC_ARC = YES;
				CLANG_ENABLE_OBJC_WEAK = YES;
				CLANG_WARN_BLOCK_CAPTURE_AUTORELEASING = YES;
				CLANG_WARN_BOOL_CONVERSION = YES;
				CLANG_WARN_COMMA = YES;
				CLANG_WARN_CONSTANT_CONVERSION = YES;
				CLANG_WARN_DEPRECATED_OBJC_IMPLEMENTATIONS = YES;
				CLANG_WARN_DIRECT_OBJC_ISA_USAGE = YES_ERROR;
				CLANG_WARN_DOCUMENTATION_COMMENTS = YES;
				CLANG_WARN_EMPTY_BODY = YES;
				CLANG_WARN_ENUM_CONVERSION = YES;
				CLANG_WARN_INFINITE_RECURSION = YES;
				CLANG_WARN_INT_CONVERSION = YES;
				CLANG_WARN_NON_LITERAL_NULL_CONVERSION = YES;
				CLANG_WARN_OBJC_IMPLICIT_RETAIN_SELF = YES;
				CLANG_WARN_OBJC_LITERAL_CONVERSION = YES;
				CLANG_WARN_OBJC_ROOT_CLASS = YES_ERROR;
				CLANG_WARN_RANGE_LOOP_ANALYSIS = YES;
				CLANG_WARN_STRICT_PROTOTYPES = YES;
				CLANG_WARN_SUSPICIOUS_MOVE = YES;
				CLANG_WARN_UNGUARDED_AVAILABILITY = YES_AGGRESSIVE;
				CLANG_WARN_UNREACHABLE_CODE = YES;
				CLANG_WARN__DUPLICATE_METHOD_MATCH = YES;
				CODE_SIGN_IDENTITY = "iPhone Developer";
				COPY_PHASE_STRIP = NO;
				DEBUG_INFORMATION_FORMAT = "dwarf-with-dsym";
				ENABLE_NS_ASSERTIONS = NO;
				ENABLE_STRICT_OBJC_MSGSEND = YES;
				GCC_C_LANGUAGE_STANDARD = gnu11;
				GCC_NO_COMMON_BLOCKS = YES;
				GCC_WARN_64_TO_32_BIT_CONVERSION = YES;
				GCC_WARN_ABOUT_RETURN_TYPE = YES_ERROR;
				GCC_WARN_UNDECLARED_SELECTOR = YES;
				GCC_WARN_UNINITIALIZED_AUTOS = YES_AGGRESSIVE;
				GCC_WARN_UNUSED_FUNCTION = YES;
				GCC_WARN_UNUSED_VARIABLE = YES;
				IPHONEOS_DEPLOYMENT_TARGET = 11.3;
				MTL_ENABLE_DEBUG_INFO = NO;
				SDKROOT = iphoneos;
				SWIFT_COMPILATION_MODE = wholemodule;
				SWIFT_OPTIMIZATION_LEVEL = "-O";
				VALIDATE_PRODUCT = YES;
			};
			name = Release;
		};
		CF8570EC20C98F2D0048BCD8 /* Debug */ = {
			isa = XCBuildConfiguration;
			baseConfigurationReference = C9CCED7D19DC4422C2E088EE /* Pods-POC-BCT.debug.xcconfig */;
			buildSettings = {
				ASSETCATALOG_COMPILER_APPICON_NAME = AppIcon;
				CODE_SIGN_STYLE = Automatic;
				DEVELOPMENT_TEAM = TMS2ETJQ7M;
				INFOPLIST_FILE = "POC-BCT/Info.plist";
				LD_RUNPATH_SEARCH_PATHS = (
					"$(inherited)",
					"@executable_path/Frameworks",
				);
				PRODUCT_BUNDLE_IDENTIFIER = "com.mthivakkar.Test.POC-BCT";
				PRODUCT_NAME = "$(TARGET_NAME)";
				SWIFT_VERSION = 4.0;
				TARGETED_DEVICE_FAMILY = "1,2";
			};
			name = Debug;
		};
		CF8570ED20C98F2D0048BCD8 /* Release */ = {
			isa = XCBuildConfiguration;
			baseConfigurationReference = B552B941244EB819058F63C0 /* Pods-POC-BCT.release.xcconfig */;
			buildSettings = {
				ASSETCATALOG_COMPILER_APPICON_NAME = AppIcon;
				CODE_SIGN_STYLE = Automatic;
				DEVELOPMENT_TEAM = TMS2ETJQ7M;
				INFOPLIST_FILE = "POC-BCT/Info.plist";
				LD_RUNPATH_SEARCH_PATHS = (
					"$(inherited)",
					"@executable_path/Frameworks",
				);
				PRODUCT_BUNDLE_IDENTIFIER = "com.mthivakkar.Test.POC-BCT";
				PRODUCT_NAME = "$(TARGET_NAME)";
				SWIFT_VERSION = 4.0;
				TARGETED_DEVICE_FAMILY = "1,2";
			};
			name = Release;
		};
		CF8570EF20C98F2D0048BCD8 /* Debug */ = {
			isa = XCBuildConfiguration;
			baseConfigurationReference = 3FC807A0CA7648C7109EA499 /* Pods-POC-BCTTests.debug.xcconfig */;
			buildSettings = {
				ALWAYS_EMBED_SWIFT_STANDARD_LIBRARIES = YES;
				BUNDLE_LOADER = "$(TEST_HOST)";
				CODE_SIGN_STYLE = Automatic;
				DEVELOPMENT_TEAM = TMS2ETJQ7M;
				INFOPLIST_FILE = "POC-BCTTests/Info.plist";
				LD_RUNPATH_SEARCH_PATHS = (
					"$(inherited)",
					"@executable_path/Frameworks",
					"@loader_path/Frameworks",
				);
				PRODUCT_BUNDLE_IDENTIFIER = "com.mthivakkar.Test.POC-BCTTests";
				PRODUCT_NAME = "$(TARGET_NAME)";
				SWIFT_VERSION = 4.0;
				TARGETED_DEVICE_FAMILY = "1,2";
				TEST_HOST = "$(BUILT_PRODUCTS_DIR)/POC-BCT.app/POC-BCT";
			};
			name = Debug;
		};
		CF8570F020C98F2D0048BCD8 /* Release */ = {
			isa = XCBuildConfiguration;
			baseConfigurationReference = 3384539801ECCECEDD8BDEB0 /* Pods-POC-BCTTests.release.xcconfig */;
			buildSettings = {
				ALWAYS_EMBED_SWIFT_STANDARD_LIBRARIES = YES;
				BUNDLE_LOADER = "$(TEST_HOST)";
				CODE_SIGN_STYLE = Automatic;
				DEVELOPMENT_TEAM = TMS2ETJQ7M;
				INFOPLIST_FILE = "POC-BCTTests/Info.plist";
				LD_RUNPATH_SEARCH_PATHS = (
					"$(inherited)",
					"@executable_path/Frameworks",
					"@loader_path/Frameworks",
				);
				PRODUCT_BUNDLE_IDENTIFIER = "com.mthivakkar.Test.POC-BCTTests";
				PRODUCT_NAME = "$(TARGET_NAME)";
				SWIFT_VERSION = 4.0;
				TARGETED_DEVICE_FAMILY = "1,2";
				TEST_HOST = "$(BUILT_PRODUCTS_DIR)/POC-BCT.app/POC-BCT";
			};
			name = Release;
		};
		CF8570F220C98F2D0048BCD8 /* Debug */ = {
			isa = XCBuildConfiguration;
			baseConfigurationReference = 9779FA144B2DACB2113E0F1E /* Pods-POC-BCTUITests.debug.xcconfig */;
			buildSettings = {
				ALWAYS_EMBED_SWIFT_STANDARD_LIBRARIES = YES;
				CODE_SIGN_STYLE = Automatic;
				DEVELOPMENT_TEAM = TMS2ETJQ7M;
				INFOPLIST_FILE = "POC-BCTUITests/Info.plist";
				LD_RUNPATH_SEARCH_PATHS = (
					"$(inherited)",
					"@executable_path/Frameworks",
					"@loader_path/Frameworks",
				);
				PRODUCT_BUNDLE_IDENTIFIER = "com.mthivakkar.Test.POC-BCTUITests";
				PRODUCT_NAME = "$(TARGET_NAME)";
				SWIFT_VERSION = 4.0;
				TARGETED_DEVICE_FAMILY = "1,2";
				TEST_TARGET_NAME = "POC-BCT";
			};
			name = Debug;
		};
		CF8570F320C98F2D0048BCD8 /* Release */ = {
			isa = XCBuildConfiguration;
			baseConfigurationReference = C0C20972BFEF75FDD5C10088 /* Pods-POC-BCTUITests.release.xcconfig */;
			buildSettings = {
				ALWAYS_EMBED_SWIFT_STANDARD_LIBRARIES = YES;
				CODE_SIGN_STYLE = Automatic;
				DEVELOPMENT_TEAM = TMS2ETJQ7M;
				INFOPLIST_FILE = "POC-BCTUITests/Info.plist";
				LD_RUNPATH_SEARCH_PATHS = (
					"$(inherited)",
					"@executable_path/Frameworks",
					"@loader_path/Frameworks",
				);
				PRODUCT_BUNDLE_IDENTIFIER = "com.mthivakkar.Test.POC-BCTUITests";
				PRODUCT_NAME = "$(TARGET_NAME)";
				SWIFT_VERSION = 4.0;
				TARGETED_DEVICE_FAMILY = "1,2";
				TEST_TARGET_NAME = "POC-BCT";
			};
			name = Release;
		};
/* End XCBuildConfiguration section */

/* Begin XCConfigurationList section */
		CF8570BB20C98F2B0048BCD8 /* Build configuration list for PBXProject "POC-BCT" */ = {
			isa = XCConfigurationList;
			buildConfigurations = (
				CF8570E920C98F2D0048BCD8 /* Debug */,
				CF8570EA20C98F2D0048BCD8 /* Release */,
			);
			defaultConfigurationIsVisible = 0;
			defaultConfigurationName = Release;
		};
		CF8570EB20C98F2D0048BCD8 /* Build configuration list for PBXNativeTarget "POC-BCT" */ = {
			isa = XCConfigurationList;
			buildConfigurations = (
				CF8570EC20C98F2D0048BCD8 /* Debug */,
				CF8570ED20C98F2D0048BCD8 /* Release */,
			);
			defaultConfigurationIsVisible = 0;
			defaultConfigurationName = Release;
		};
		CF8570EE20C98F2D0048BCD8 /* Build configuration list for PBXNativeTarget "POC-BCTTests" */ = {
			isa = XCConfigurationList;
			buildConfigurations = (
				CF8570EF20C98F2D0048BCD8 /* Debug */,
				CF8570F020C98F2D0048BCD8 /* Release */,
			);
			defaultConfigurationIsVisible = 0;
			defaultConfigurationName = Release;
		};
		CF8570F120C98F2D0048BCD8 /* Build configuration list for PBXNativeTarget "POC-BCTUITests" */ = {
			isa = XCConfigurationList;
			buildConfigurations = (
				CF8570F220C98F2D0048BCD8 /* Debug */,
				CF8570F320C98F2D0048BCD8 /* Release */,
			);
			defaultConfigurationIsVisible = 0;
			defaultConfigurationName = Release;
		};
/* End XCConfigurationList section */

/* Begin XCVersionGroup section */
		CF8570CA20C98F2B0048BCD8 /* POC_BCT.xcdatamodeld */ = {
			isa = XCVersionGroup;
			children = (
				CF8570CB20C98F2B0048BCD8 /* POC_BCT.xcdatamodel */,
			);
			currentVersion = CF8570CB20C98F2B0048BCD8 /* POC_BCT.xcdatamodel */;
			path = POC_BCT.xcdatamodeld;
			sourceTree = "<group>";
			versionGroupType = wrapper.xcdatamodel;
		};
/* End XCVersionGroup section */
	};
	rootObject = CF8570B820C98F2B0048BCD8 /* Project object */;
}
