// !$*UTF8*$!
{
	archiveVersion = 1;
	classes = {
	};
	objectVersion = 50;
	objects = {

/* Begin PBXBuildFile section */
		4B0DFAE50E31D507EF9243FD /* Pods_POC_BCTUITests.framework in Frameworks */ = {isa = PBXBuildFile; fileRef = 601394E7660091C8CD52F435 /* Pods_POC_BCTUITests.framework */; };
		85637EED3A3DB264818D29A8 /* Pods_POC_BCT.framework in Frameworks */ = {isa = PBXBuildFile; fileRef = 06AD85465A28F1D23C2C0928 /* Pods_POC_BCT.framework */; };
		B8C674CF5D1CA207C73F336B /* Pods_POC_BCTTests.framework in Frameworks */ = {isa = PBXBuildFile; fileRef = B87338F8B8E298007D7D0ECA /* Pods_POC_BCTTests.framework */; };
		CF8570C420C98F2B0048BCD8 /* AppDelegate.swift in Sources */ = {isa = PBXBuildFile; fileRef = CF8570C320C98F2B0048BCD8 /* AppDelegate.swift */; };
		CF8570C620C98F2B0048BCD8 /* ViewController.swift in Sources */ = {isa = PBXBuildFile; fileRef = CF8570C520C98F2B0048BCD8 /* ViewController.swift */; };
		CF8570C920C98F2B0048BCD8 /* Main.storyboard in Resources */ = {isa = PBXBuildFile; fileRef = CF8570C720C98F2B0048BCD8 /* Main.storyboard */; };
		CF8570CC20C98F2B0048BCD8 /* POC_BCT.xcdatamodeld in Sources */ = {isa = PBXBuildFile; fileRef = CF8570CA20C98F2B0048BCD8 /* POC_BCT.xcdatamodeld */; };
		CF8570CE20C98F2C0048BCD8 /* Assets.xcassets in Resources */ = {isa = PBXBuildFile; fileRef = CF8570CD20C98F2C0048BCD8 /* Assets.xcassets */; };
		CF8570D120C98F2C0048BCD8 /* LaunchScreen.storyboard in Resources */ = {isa = PBXBuildFile; fileRef = CF8570CF20C98F2C0048BCD8 /* LaunchScreen.storyboard */; };
		CF8570DC20C98F2D0048BCD8 /* POC_BCTTests.swift in Sources */ = {isa = PBXBuildFile; fileRef = CF8570DB20C98F2D0048BCD8 /* POC_BCTTests.swift */; };
		CF8570E720C98F2D0048BCD8 /* POC_BCTUITests.swift in Sources */ = {isa = PBXBuildFile; fileRef = CF8570E620C98F2D0048BCD8 /* POC_BCTUITests.swift */; };
		CF8570F520C98FE70048BCD8 /* GoogleService-Info.plist in Resources */ = {isa = PBXBuildFile; fileRef = CF8570F420C98FE70048BCD8 /* GoogleService-Info.plist */; };
		CF8570F620C98FE70048BCD8 /* GoogleService-Info.plist in Resources */ = {isa = PBXBuildFile; fileRef = CF8570F420C98FE70048BCD8 /* GoogleService-Info.plist */; };
		CF8570F720C98FE70048BCD8 /* GoogleService-Info.plist in Resources */ = {isa = PBXBuildFile; fileRef = CF8570F420C98FE70048BCD8 /* GoogleService-Info.plist */; };
		CF8570F920C9BCF60048BCD8 /* AssetViewController.swift in Sources */ = {isa = PBXBuildFile; fileRef = CF8570F820C9BCF60048BCD8 /* AssetViewController.swift */; };
/* End PBXBuildFile section */

/* Begin PBXContainerItemProxy section */
		CF8570D820C98F2D0048BCD8 /* PBXContainerItemProxy */ = {
			isa = PBXContainerItemProxy;
			containerPortal = CF8570B820C98F2B0048BCD8 /* Project object */;
			proxyType = 1;
			remoteGlobalIDString = CF8570BF20C98F2B0048BCD8;
			remoteInfo = "POC-BCT";
		};
		CF8570E320C98F2D0048BCD8 /* PBXContainerItemProxy */ = {
			isa = PBXContainerItemProxy;
			containerPortal = CF8570B820C98F2B0048BCD8 /* Project object */;
			proxyType = 1;
			remoteGlobalIDString = CF8570BF20C98F2B0048BCD8;
			remoteInfo = "POC-BCT";
		};
/* End PBXContainerItemProxy section */

/* Begin PBXFileReference section */
		06AD85465A28F1D23C2C0928 /* Pods_POC_BCT.framework */ = {isa = PBXFileReference; explicitFileType = wrapper.framework; includeInIndex = 0; path = Pods_POC_BCT.framework; sourceTree = BUILT_PRODUCTS_DIR; };
		1165689BC89B8B195B4617ED /* Pods-POC-BCT.release.xcconfig */ = {isa = PBXFileReference; includeInIndex = 1; lastKnownFileType = text.xcconfig; name = "Pods-POC-BCT.release.xcconfig"; path = "Pods/Target Support Files/Pods-POC-BCT/Pods-POC-BCT.release.xcconfig"; sourceTree = "<group>"; };
		4D7D42EF5E7AE6D6DB47233B /* Pods-POC-BCTUITests.release.xcconfig */ = {isa = PBXFileReference; includeInIndex = 1; lastKnownFileType = text.xcconfig; name = "Pods-POC-BCTUITests.release.xcconfig"; path = "Pods/Target Support Files/Pods-POC-BCTUITests/Pods-POC-BCTUITests.release.xcconfig"; sourceTree = "<group>"; };
		51F567AEC53F4F9C27C7F6F9 /* Pods-POC-BCTTests.release.xcconfig */ = {isa = PBXFileReference; includeInIndex = 1; lastKnownFileType = text.xcconfig; name = "Pods-POC-BCTTests.release.xcconfig"; path = "Pods/Target Support Files/Pods-POC-BCTTests/Pods-POC-BCTTests.release.xcconfig"; sourceTree = "<group>"; };
		53ADB6DD943FA32367D509EA /* Pods-POC-BCT.debug.xcconfig */ = {isa = PBXFileReference; includeInIndex = 1; lastKnownFileType = text.xcconfig; name = "Pods-POC-BCT.debug.xcconfig"; path = "Pods/Target Support Files/Pods-POC-BCT/Pods-POC-BCT.debug.xcconfig"; sourceTree = "<group>"; };
		601394E7660091C8CD52F435 /* Pods_POC_BCTUITests.framework */ = {isa = PBXFileReference; explicitFileType = wrapper.framework; includeInIndex = 0; path = Pods_POC_BCTUITests.framework; sourceTree = BUILT_PRODUCTS_DIR; };
		873D386DB28FE66C48803310 /* Pods-POC-BCTUITests.debug.xcconfig */ = {isa = PBXFileReference; includeInIndex = 1; lastKnownFileType = text.xcconfig; name = "Pods-POC-BCTUITests.debug.xcconfig"; path = "Pods/Target Support Files/Pods-POC-BCTUITests/Pods-POC-BCTUITests.debug.xcconfig"; sourceTree = "<group>"; };
		B87338F8B8E298007D7D0ECA /* Pods_POC_BCTTests.framework */ = {isa = PBXFileReference; explicitFileType = wrapper.framework; includeInIndex = 0; path = Pods_POC_BCTTests.framework; sourceTree = BUILT_PRODUCTS_DIR; };
		CF8570C020C98F2B0048BCD8 /* POC-BCT.app */ = {isa = PBXFileReference; explicitFileType = wrapper.application; includeInIndex = 0; path = "POC-BCT.app"; sourceTree = BUILT_PRODUCTS_DIR; };
		CF8570C320C98F2B0048BCD8 /* AppDelegate.swift */ = {isa = PBXFileReference; lastKnownFileType = sourcecode.swift; path = AppDelegate.swift; sourceTree = "<group>"; };
		CF8570C520C98F2B0048BCD8 /* ViewController.swift */ = {isa = PBXFileReference; lastKnownFileType = sourcecode.swift; path = ViewController.swift; sourceTree = "<group>"; };
		CF8570C820C98F2B0048BCD8 /* Base */ = {isa = PBXFileReference; lastKnownFileType = file.storyboard; name = Base; path = Base.lproj/Main.storyboard; sourceTree = "<group>"; };
		CF8570CB20C98F2B0048BCD8 /* POC_BCT.xcdatamodel */ = {isa = PBXFileReference; lastKnownFileType = wrapper.xcdatamodel; path = POC_BCT.xcdatamodel; sourceTree = "<group>"; };
		CF8570CD20C98F2C0048BCD8 /* Assets.xcassets */ = {isa = PBXFileReference; lastKnownFileType = folder.assetcatalog; path = Assets.xcassets; sourceTree = "<group>"; };
		CF8570D020C98F2C0048BCD8 /* Base */ = {isa = PBXFileReference; lastKnownFileType = file.storyboard; name = Base; path = Base.lproj/LaunchScreen.storyboard; sourceTree = "<group>"; };
		CF8570D220C98F2D0048BCD8 /* Info.plist */ = {isa = PBXFileReference; lastKnownFileType = text.plist.xml; path = Info.plist; sourceTree = "<group>"; };
		CF8570D720C98F2D0048BCD8 /* POC-BCTTests.xctest */ = {isa = PBXFileReference; explicitFileType = wrapper.cfbundle; includeInIndex = 0; path = "POC-BCTTests.xctest"; sourceTree = BUILT_PRODUCTS_DIR; };
		CF8570DB20C98F2D0048BCD8 /* POC_BCTTests.swift */ = {isa = PBXFileReference; lastKnownFileType = sourcecode.swift; path = POC_BCTTests.swift; sourceTree = "<group>"; };
		CF8570DD20C98F2D0048BCD8 /* Info.plist */ = {isa = PBXFileReference; lastKnownFileType = text.plist.xml; path = Info.plist; sourceTree = "<group>"; };
		CF8570E220C98F2D0048BCD8 /* POC-BCTUITests.xctest */ = {isa = PBXFileReference; explicitFileType = wrapper.cfbundle; includeInIndex = 0; path = "POC-BCTUITests.xctest"; sourceTree = BUILT_PRODUCTS_DIR; };
		CF8570E620C98F2D0048BCD8 /* POC_BCTUITests.swift */ = {isa = PBXFileReference; lastKnownFileType = sourcecode.swift; path = POC_BCTUITests.swift; sourceTree = "<group>"; };
		CF8570E820C98F2D0048BCD8 /* Info.plist */ = {isa = PBXFileReference; lastKnownFileType = text.plist.xml; path = Info.plist; sourceTree = "<group>"; };
		CF8570F420C98FE70048BCD8 /* GoogleService-Info.plist */ = {isa = PBXFileReference; fileEncoding = 4; lastKnownFileType = text.plist.xml; path = "GoogleService-Info.plist"; sourceTree = "<group>"; };
		CF8570F820C9BCF60048BCD8 /* AssetViewController.swift */ = {isa = PBXFileReference; lastKnownFileType = sourcecode.swift; path = AssetViewController.swift; sourceTree = "<group>"; };
		E01283EDD8BB4576B2956232 /* Pods-POC-BCTTests.debug.xcconfig */ = {isa = PBXFileReference; includeInIndex = 1; lastKnownFileType = text.xcconfig; name = "Pods-POC-BCTTests.debug.xcconfig"; path = "Pods/Target Support Files/Pods-POC-BCTTests/Pods-POC-BCTTests.debug.xcconfig"; sourceTree = "<group>"; };
/* End PBXFileReference section */

/* Begin PBXFrameworksBuildPhase section */
		CF8570BD20C98F2B0048BCD8 /* Frameworks */ = {
			isa = PBXFrameworksBuildPhase;
			buildActionMask = 2147483647;
			files = (
				85637EED3A3DB264818D29A8 /* Pods_POC_BCT.framework in Frameworks */,
			);
			runOnlyForDeploymentPostprocessing = 0;
		};
		CF8570D420C98F2D0048BCD8 /* Frameworks */ = {
			isa = PBXFrameworksBuildPhase;
			buildActionMask = 2147483647;
			files = (
				B8C674CF5D1CA207C73F336B /* Pods_POC_BCTTests.framework in Frameworks */,
			);
			runOnlyForDeploymentPostprocessing = 0;
		};
		CF8570DF20C98F2D0048BCD8 /* Frameworks */ = {
			isa = PBXFrameworksBuildPhase;
			buildActionMask = 2147483647;
			files = (
				4B0DFAE50E31D507EF9243FD /* Pods_POC_BCTUITests.framework in Frameworks */,
			);
			runOnlyForDeploymentPostprocessing = 0;
		};
/* End PBXFrameworksBuildPhase section */

/* Begin PBXGroup section */
		65B430DC1872343F597040F7 /* Pods */ = {
			isa = PBXGroup;
			children = (
				53ADB6DD943FA32367D509EA /* Pods-POC-BCT.debug.xcconfig */,
				1165689BC89B8B195B4617ED /* Pods-POC-BCT.release.xcconfig */,
				E01283EDD8BB4576B2956232 /* Pods-POC-BCTTests.debug.xcconfig */,
				51F567AEC53F4F9C27C7F6F9 /* Pods-POC-BCTTests.release.xcconfig */,
				873D386DB28FE66C48803310 /* Pods-POC-BCTUITests.debug.xcconfig */,
				4D7D42EF5E7AE6D6DB47233B /* Pods-POC-BCTUITests.release.xcconfig */,
			);
			name = Pods;
			sourceTree = "<group>";
		};
		A31D517CB809CC9A67D3F571 /* Frameworks */ = {
			isa = PBXGroup;
			children = (
				06AD85465A28F1D23C2C0928 /* Pods_POC_BCT.framework */,
				B87338F8B8E298007D7D0ECA /* Pods_POC_BCTTests.framework */,
				601394E7660091C8CD52F435 /* Pods_POC_BCTUITests.framework */,
			);
			name = Frameworks;
			sourceTree = "<group>";
		};
		CF8570B720C98F2B0048BCD8 = {
			isa = PBXGroup;
			children = (
				CF8570C220C98F2B0048BCD8 /* POC-BCT */,
				CF8570DA20C98F2D0048BCD8 /* POC-BCTTests */,
				CF8570E520C98F2D0048BCD8 /* POC-BCTUITests */,
				CF8570C120C98F2B0048BCD8 /* Products */,
				65B430DC1872343F597040F7 /* Pods */,
				A31D517CB809CC9A67D3F571 /* Frameworks */,
			);
			sourceTree = "<group>";
		};
		CF8570C120C98F2B0048BCD8 /* Products */ = {
			isa = PBXGroup;
			children = (
				CF8570C020C98F2B0048BCD8 /* POC-BCT.app */,
				CF8570D720C98F2D0048BCD8 /* POC-BCTTests.xctest */,
				CF8570E220C98F2D0048BCD8 /* POC-BCTUITests.xctest */,
			);
			name = Products;
			sourceTree = "<group>";
		};
		CF8570C220C98F2B0048BCD8 /* POC-BCT */ = {
			isa = PBXGroup;
			children = (
				CF8570C320C98F2B0048BCD8 /* AppDelegate.swift */,
				CF8570C520C98F2B0048BCD8 /* ViewController.swift */,
				CF8570F820C9BCF60048BCD8 /* AssetViewController.swift */,
				CF8570C720C98F2B0048BCD8 /* Main.storyboard */,
				CF8570CD20C98F2C0048BCD8 /* Assets.xcassets */,
				CF8570CF20C98F2C0048BCD8 /* LaunchScreen.storyboard */,
				CF8570D220C98F2D0048BCD8 /* Info.plist */,
				CF8570F420C98FE70048BCD8 /* GoogleService-Info.plist */,
				CF8570CA20C98F2B0048BCD8 /* POC_BCT.xcdatamodeld */,
			);
			path = "POC-BCT";
			sourceTree = "<group>";
		};
		CF8570DA20C98F2D0048BCD8 /* POC-BCTTests */ = {
			isa = PBXGroup;
			children = (
				CF8570DB20C98F2D0048BCD8 /* POC_BCTTests.swift */,
				CF8570DD20C98F2D0048BCD8 /* Info.plist */,
			);
			path = "POC-BCTTests";
			sourceTree = "<group>";
		};
		CF8570E520C98F2D0048BCD8 /* POC-BCTUITests */ = {
			isa = PBXGroup;
			children = (
				CF8570E620C98F2D0048BCD8 /* POC_BCTUITests.swift */,
				CF8570E820C98F2D0048BCD8 /* Info.plist */,
			);
			path = "POC-BCTUITests";
			sourceTree = "<group>";
		};
/* End PBXGroup section */

/* Begin PBXNativeTarget section */
		CF8570BF20C98F2B0048BCD8 /* POC-BCT */ = {
			isa = PBXNativeTarget;
			buildConfigurationList = CF8570EB20C98F2D0048BCD8 /* Build configuration list for PBXNativeTarget "POC-BCT" */;
			buildPhases = (
				DD470EFD048348F1781EFB67 /* [CP] Check Pods Manifest.lock */,
				CF8570BC20C98F2B0048BCD8 /* Sources */,
				CF8570BD20C98F2B0048BCD8 /* Frameworks */,
				CF8570BE20C98F2B0048BCD8 /* Resources */,
				36D9DB69774FDE3732A98D2C /* [CP] Embed Pods Frameworks */,
			);
			buildRules = (
			);
			dependencies = (
			);
			name = "POC-BCT";
			productName = "POC-BCT";
			productReference = CF8570C020C98F2B0048BCD8 /* POC-BCT.app */;
			productType = "com.apple.product-type.application";
		};
		CF8570D620C98F2D0048BCD8 /* POC-BCTTests */ = {
			isa = PBXNativeTarget;
			buildConfigurationList = CF8570EE20C98F2D0048BCD8 /* Build configuration list for PBXNativeTarget "POC-BCTTests" */;
			buildPhases = (
				31209FA8C2C4ED3D8C06DC86 /* [CP] Check Pods Manifest.lock */,
				CF8570D320C98F2D0048BCD8 /* Sources */,
				CF8570D420C98F2D0048BCD8 /* Frameworks */,
				CF8570D520C98F2D0048BCD8 /* Resources */,
			);
			buildRules = (
			);
			dependencies = (
				CF8570D920C98F2D0048BCD8 /* PBXTargetDependency */,
			);
			name = "POC-BCTTests";
			productName = "POC-BCTTests";
			productReference = CF8570D720C98F2D0048BCD8 /* POC-BCTTests.xctest */;
			productType = "com.apple.product-type.bundle.unit-test";
		};
		CF8570E120C98F2D0048BCD8 /* POC-BCTUITests */ = {
			isa = PBXNativeTarget;
			buildConfigurationList = CF8570F120C98F2D0048BCD8 /* Build configuration list for PBXNativeTarget "POC-BCTUITests" */;
			buildPhases = (
				FD5C7829B958B6DF5AA9AD6D /* [CP] Check Pods Manifest.lock */,
				CF8570DE20C98F2D0048BCD8 /* Sources */,
				CF8570DF20C98F2D0048BCD8 /* Frameworks */,
				CF8570E020C98F2D0048BCD8 /* Resources */,
			);
			buildRules = (
			);
			dependencies = (
				CF8570E420C98F2D0048BCD8 /* PBXTargetDependency */,
			);
			name = "POC-BCTUITests";
			productName = "POC-BCTUITests";
			productReference = CF8570E220C98F2D0048BCD8 /* POC-BCTUITests.xctest */;
			productType = "com.apple.product-type.bundle.ui-testing";
		};
/* End PBXNativeTarget section */

/* Begin PBXProject section */
		CF8570B820C98F2B0048BCD8 /* Project object */ = {
			isa = PBXProject;
			attributes = {
				LastSwiftUpdateCheck = 0930;
				LastUpgradeCheck = 0930;
				ORGANIZATIONNAME = "Thivakkar Mahendran";
				TargetAttributes = {
					CF8570BF20C98F2B0048BCD8 = {
						CreatedOnToolsVersion = 9.3;
					};
					CF8570D620C98F2D0048BCD8 = {
						CreatedOnToolsVersion = 9.3;
						TestTargetID = CF8570BF20C98F2B0048BCD8;
					};
					CF8570E120C98F2D0048BCD8 = {
						CreatedOnToolsVersion = 9.3;
						TestTargetID = CF8570BF20C98F2B0048BCD8;
					};
				};
			};
			buildConfigurationList = CF8570BB20C98F2B0048BCD8 /* Build configuration list for PBXProject "POC-BCT" */;
			compatibilityVersion = "Xcode 9.3";
			developmentRegion = en;
			hasScannedForEncodings = 0;
			knownRegions = (
				en,
				Base,
			);
			mainGroup = CF8570B720C98F2B0048BCD8;
			productRefGroup = CF8570C120C98F2B0048BCD8 /* Products */;
			projectDirPath = "";
			projectRoot = "";
			targets = (
				CF8570BF20C98F2B0048BCD8 /* POC-BCT */,
				CF8570D620C98F2D0048BCD8 /* POC-BCTTests */,
				CF8570E120C98F2D0048BCD8 /* POC-BCTUITests */,
			);
		};
/* End PBXProject section */

/* Begin PBXResourcesBuildPhase section */
		CF8570BE20C98F2B0048BCD8 /* Resources */ = {
			isa = PBXResourcesBuildPhase;
			buildActionMask = 2147483647;
			files = (
				CF8570D120C98F2C0048BCD8 /* LaunchScreen.storyboard in Resources */,
				CF8570F520C98FE70048BCD8 /* GoogleService-Info.plist in Resources */,
				CF8570CE20C98F2C0048BCD8 /* Assets.xcassets in Resources */,
				CF8570C920C98F2B0048BCD8 /* Main.storyboard in Resources */,
			);
			runOnlyForDeploymentPostprocessing = 0;
		};
		CF8570D520C98F2D0048BCD8 /* Resources */ = {
			isa = PBXResourcesBuildPhase;
			buildActionMask = 2147483647;
			files = (
				CF8570F620C98FE70048BCD8 /* GoogleService-Info.plist in Resources */,
			);
			runOnlyForDeploymentPostprocessing = 0;
		};
		CF8570E020C98F2D0048BCD8 /* Resources */ = {
			isa = PBXResourcesBuildPhase;
			buildActionMask = 2147483647;
			files = (
				CF8570F720C98FE70048BCD8 /* GoogleService-Info.plist in Resources */,
			);
			runOnlyForDeploymentPostprocessing = 0;
		};
/* End PBXResourcesBuildPhase section */

/* Begin PBXShellScriptBuildPhase section */
		31209FA8C2C4ED3D8C06DC86 /* [CP] Check Pods Manifest.lock */ = {
			isa = PBXShellScriptBuildPhase;
			buildActionMask = 2147483647;
			files = (
			);
			inputPaths = (
				"${PODS_PODFILE_DIR_PATH}/Podfile.lock",
				"${PODS_ROOT}/Manifest.lock",
			);
			name = "[CP] Check Pods Manifest.lock";
			outputPaths = (
				"$(DERIVED_FILE_DIR)/Pods-POC-BCTTests-checkManifestLockResult.txt",
			);
			runOnlyForDeploymentPostprocessing = 0;
			shellPath = /bin/sh;
			shellScript = "diff \"${PODS_PODFILE_DIR_PATH}/Podfile.lock\" \"${PODS_ROOT}/Manifest.lock\" > /dev/null\nif [ $? != 0 ] ; then\n    # print error to STDERR\n    echo \"error: The sandbox is not in sync with the Podfile.lock. Run 'pod install' or update your CocoaPods installation.\" >&2\n    exit 1\nfi\n# This output is used by Xcode 'outputs' to avoid re-running this script phase.\necho \"SUCCESS\" > \"${SCRIPT_OUTPUT_FILE_0}\"\n";
			showEnvVarsInLog = 0;
		};
		36D9DB69774FDE3732A98D2C /* [CP] Embed Pods Frameworks */ = {
			isa = PBXShellScriptBuildPhase;
			buildActionMask = 2147483647;
			files = (
			);
			inputPaths = (
				"${SRCROOT}/Pods/Target Support Files/Pods-POC-BCT/Pods-POC-BCT-frameworks.sh",
				"${BUILT_PRODUCTS_DIR}/GoogleToolboxForMac/GoogleToolboxForMac.framework",
				"${BUILT_PRODUCTS_DIR}/nanopb/nanopb.framework",
			);
			name = "[CP] Embed Pods Frameworks";
			outputPaths = (
				"${TARGET_BUILD_DIR}/${FRAMEWORKS_FOLDER_PATH}/GoogleToolboxForMac.framework",
				"${TARGET_BUILD_DIR}/${FRAMEWORKS_FOLDER_PATH}/nanopb.framework",
			);
			runOnlyForDeploymentPostprocessing = 0;
			shellPath = /bin/sh;
			shellScript = "\"${SRCROOT}/Pods/Target Support Files/Pods-POC-BCT/Pods-POC-BCT-frameworks.sh\"\n";
			showEnvVarsInLog = 0;
		};
		DD470EFD048348F1781EFB67 /* [CP] Check Pods Manifest.lock */ = {
			isa = PBXShellScriptBuildPhase;
			buildActionMask = 2147483647;
			files = (
			);
			inputPaths = (
				"${PODS_PODFILE_DIR_PATH}/Podfile.lock",
				"${PODS_ROOT}/Manifest.lock",
			);
			name = "[CP] Check Pods Manifest.lock";
			outputPaths = (
				"$(DERIVED_FILE_DIR)/Pods-POC-BCT-checkManifestLockResult.txt",
			);
			runOnlyForDeploymentPostprocessing = 0;
			shellPath = /bin/sh;
			shellScript = "diff \"${PODS_PODFILE_DIR_PATH}/Podfile.lock\" \"${PODS_ROOT}/Manifest.lock\" > /dev/null\nif [ $? != 0 ] ; then\n    # print error to STDERR\n    echo \"error: The sandbox is not in sync with the Podfile.lock. Run 'pod install' or update your CocoaPods installation.\" >&2\n    exit 1\nfi\n# This output is used by Xcode 'outputs' to avoid re-running this script phase.\necho \"SUCCESS\" > \"${SCRIPT_OUTPUT_FILE_0}\"\n";
			showEnvVarsInLog = 0;
		};
		FD5C7829B958B6DF5AA9AD6D /* [CP] Check Pods Manifest.lock */ = {
			isa = PBXShellScriptBuildPhase;
			buildActionMask = 2147483647;
			files = (
			);
			inputPaths = (
				"${PODS_PODFILE_DIR_PATH}/Podfile.lock",
				"${PODS_ROOT}/Manifest.lock",
			);
			name = "[CP] Check Pods Manifest.lock";
			outputPaths = (
				"$(DERIVED_FILE_DIR)/Pods-POC-BCTUITests-checkManifestLockResult.txt",
			);
			runOnlyForDeploymentPostprocessing = 0;
			shellPath = /bin/sh;
			shellScript = "diff \"${PODS_PODFILE_DIR_PATH}/Podfile.lock\" \"${PODS_ROOT}/Manifest.lock\" > /dev/null\nif [ $? != 0 ] ; then\n    # print error to STDERR\n    echo \"error: The sandbox is not in sync with the Podfile.lock. Run 'pod install' or update your CocoaPods installation.\" >&2\n    exit 1\nfi\n# This output is used by Xcode 'outputs' to avoid re-running this script phase.\necho \"SUCCESS\" > \"${SCRIPT_OUTPUT_FILE_0}\"\n";
			showEnvVarsInLog = 0;
		};
/* End PBXShellScriptBuildPhase section */

/* Begin PBXSourcesBuildPhase section */
		CF8570BC20C98F2B0048BCD8 /* Sources */ = {
			isa = PBXSourcesBuildPhase;
			buildActionMask = 2147483647;
			files = (
				CF8570CC20C98F2B0048BCD8 /* POC_BCT.xcdatamodeld in Sources */,
				CF8570C620C98F2B0048BCD8 /* ViewController.swift in Sources */,
				CF8570C420C98F2B0048BCD8 /* AppDelegate.swift in Sources */,
				CF8570F920C9BCF60048BCD8 /* AssetViewController.swift in Sources */,
			);
			runOnlyForDeploymentPostprocessing = 0;
		};
		CF8570D320C98F2D0048BCD8 /* Sources */ = {
			isa = PBXSourcesBuildPhase;
			buildActionMask = 2147483647;
			files = (
				CF8570DC20C98F2D0048BCD8 /* POC_BCTTests.swift in Sources */,
			);
			runOnlyForDeploymentPostprocessing = 0;
		};
		CF8570DE20C98F2D0048BCD8 /* Sources */ = {
			isa = PBXSourcesBuildPhase;
			buildActionMask = 2147483647;
			files = (
				CF8570E720C98F2D0048BCD8 /* POC_BCTUITests.swift in Sources */,
			);
			runOnlyForDeploymentPostprocessing = 0;
		};
/* End PBXSourcesBuildPhase section */

/* Begin PBXTargetDependency section */
		CF8570D920C98F2D0048BCD8 /* PBXTargetDependency */ = {
			isa = PBXTargetDependency;
			target = CF8570BF20C98F2B0048BCD8 /* POC-BCT */;
			targetProxy = CF8570D820C98F2D0048BCD8 /* PBXContainerItemProxy */;
		};
		CF8570E420C98F2D0048BCD8 /* PBXTargetDependency */ = {
			isa = PBXTargetDependency;
			target = CF8570BF20C98F2B0048BCD8 /* POC-BCT */;
			targetProxy = CF8570E320C98F2D0048BCD8 /* PBXContainerItemProxy */;
		};
/* End PBXTargetDependency section */

/* Begin PBXVariantGroup section */
		CF8570C720C98F2B0048BCD8 /* Main.storyboard */ = {
			isa = PBXVariantGroup;
			children = (
				CF8570C820C98F2B0048BCD8 /* Base */,
			);
			name = Main.storyboard;
			sourceTree = "<group>";
		};
		CF8570CF20C98F2C0048BCD8 /* LaunchScreen.storyboard */ = {
			isa = PBXVariantGroup;
			children = (
				CF8570D020C98F2C0048BCD8 /* Base */,
			);
			name = LaunchScreen.storyboard;
			sourceTree = "<group>";
		};
/* End PBXVariantGroup section */

/* Begin XCBuildConfiguration section */
		CF8570E920C98F2D0048BCD8 /* Debug */ = {
			isa = XCBuildConfiguration;
			buildSettings = {
				ALWAYS_SEARCH_USER_PATHS = NO;
				CLANG_ANALYZER_NONNULL = YES;
				CLANG_ANALYZER_NUMBER_OBJECT_CONVERSION = YES_AGGRESSIVE;
				CLANG_CXX_LANGUAGE_STANDARD = "gnu++14";
				CLANG_CXX_LIBRARY = "libc++";
				CLANG_ENABLE_MODULES = YES;
				CLANG_ENABLE_OBJC_ARC = YES;
				CLANG_ENABLE_OBJC_WEAK = YES;
				CLANG_WARN_BLOCK_CAPTURE_AUTORELEASING = YES;
				CLANG_WARN_BOOL_CONVERSION = YES;
				CLANG_WARN_COMMA = YES;
				CLANG_WARN_CONSTANT_CONVERSION = YES;
				CLANG_WARN_DEPRECATED_OBJC_IMPLEMENTATIONS = YES;
				CLANG_WARN_DIRECT_OBJC_ISA_USAGE = YES_ERROR;
				CLANG_WARN_DOCUMENTATION_COMMENTS = YES;
				CLANG_WARN_EMPTY_BODY = YES;
				CLANG_WARN_ENUM_CONVERSION = YES;
				CLANG_WARN_INFINITE_RECURSION = YES;
				CLANG_WARN_INT_CONVERSION = YES;
				CLANG_WARN_NON_LITERAL_NULL_CONVERSION = YES;
				CLANG_WARN_OBJC_IMPLICIT_RETAIN_SELF = YES;
				CLANG_WARN_OBJC_LITERAL_CONVERSION = YES;
				CLANG_WARN_OBJC_ROOT_CLASS = YES_ERROR;
				CLANG_WARN_RANGE_LOOP_ANALYSIS = YES;
				CLANG_WARN_STRICT_PROTOTYPES = YES;
				CLANG_WARN_SUSPICIOUS_MOVE = YES;
				CLANG_WARN_UNGUARDED_AVAILABILITY = YES_AGGRESSIVE;
				CLANG_WARN_UNREACHABLE_CODE = YES;
				CLANG_WARN__DUPLICATE_METHOD_MATCH = YES;
				CODE_SIGN_IDENTITY = "iPhone Developer";
				COPY_PHASE_STRIP = NO;
				DEBUG_INFORMATION_FORMAT = dwarf;
				ENABLE_STRICT_OBJC_MSGSEND = YES;
				ENABLE_TESTABILITY = YES;
				GCC_C_LANGUAGE_STANDARD = gnu11;
				GCC_DYNAMIC_NO_PIC = NO;
				GCC_NO_COMMON_BLOCKS = YES;
				GCC_OPTIMIZATION_LEVEL = 0;
				GCC_PREPROCESSOR_DEFINITIONS = (
					"DEBUG=1",
					"$(inherited)",
				);
				GCC_WARN_64_TO_32_BIT_CONVERSION = YES;
				GCC_WARN_ABOUT_RETURN_TYPE = YES_ERROR;
				GCC_WARN_UNDECLARED_SELECTOR = YES;
				GCC_WARN_UNINITIALIZED_AUTOS = YES_AGGRESSIVE;
				GCC_WARN_UNUSED_FUNCTION = YES;
				GCC_WARN_UNUSED_VARIABLE = YES;
				IPHONEOS_DEPLOYMENT_TARGET = 11.3;
				MTL_ENABLE_DEBUG_INFO = YES;
				ONLY_ACTIVE_ARCH = YES;
				SDKROOT = iphoneos;
				SWIFT_ACTIVE_COMPILATION_CONDITIONS = DEBUG;
				SWIFT_OPTIMIZATION_LEVEL = "-Onone";
			};
			name = Debug;
		};
		CF8570EA20C98F2D0048BCD8 /* Release */ = {
			isa = XCBuildConfiguration;
			buildSettings = {
				ALWAYS_SEARCH_USER_PATHS = NO;
				CLANG_ANALYZER_NONNULL = YES;
				CLANG_ANALYZER_NUMBER_OBJECT_CONVERSION = YES_AGGRESSIVE;
				CLANG_CXX_LANGUAGE_STANDARD = "gnu++14";
				CLANG_CXX_LIBRARY = "libc++";
				CLANG_ENABLE_MODULES = YES;
				CLANG_ENABLE_OBJC_ARC = YES;
				CLANG_ENABLE_OBJC_WEAK = YES;
				CLANG_WARN_BLOCK_CAPTURE_AUTORELEASING = YES;
				CLANG_WARN_BOOL_CONVERSION = YES;
				CLANG_WARN_COMMA = YES;
				CLANG_WARN_CONSTANT_CONVERSION = YES;
				CLANG_WARN_DEPRECATED_OBJC_IMPLEMENTATIONS = YES;
				CLANG_WARN_DIRECT_OBJC_ISA_USAGE = YES_ERROR;
				CLANG_WARN_DOCUMENTATION_COMMENTS = YES;
				CLANG_WARN_EMPTY_BODY = YES;
				CLANG_WARN_ENUM_CONVERSION = YES;
				CLANG_WARN_INFINITE_RECURSION = YES;
				CLANG_WARN_INT_CONVERSION = YES;
				CLANG_WARN_NON_LITERAL_NULL_CONVERSION = YES;
				CLANG_WARN_OBJC_IMPLICIT_RETAIN_SELF = YES;
				CLANG_WARN_OBJC_LITERAL_CONVERSION = YES;
				CLANG_WARN_OBJC_ROOT_CLASS = YES_ERROR;
				CLANG_WARN_RANGE_LOOP_ANALYSIS = YES;
				CLANG_WARN_STRICT_PROTOTYPES = YES;
				CLANG_WARN_SUSPICIOUS_MOVE = YES;
				CLANG_WARN_UNGUARDED_AVAILABILITY = YES_AGGRESSIVE;
				CLANG_WARN_UNREACHABLE_CODE = YES;
				CLANG_WARN__DUPLICATE_METHOD_MATCH = YES;
				CODE_SIGN_IDENTITY = "iPhone Developer";
				COPY_PHASE_STRIP = NO;
				DEBUG_INFORMATION_FORMAT = "dwarf-with-dsym";
				ENABLE_NS_ASSERTIONS = NO;
				ENABLE_STRICT_OBJC_MSGSEND = YES;
				GCC_C_LANGUAGE_STANDARD = gnu11;
				GCC_NO_COMMON_BLOCKS = YES;
				GCC_WARN_64_TO_32_BIT_CONVERSION = YES;
				GCC_WARN_ABOUT_RETURN_TYPE = YES_ERROR;
				GCC_WARN_UNDECLARED_SELECTOR = YES;
				GCC_WARN_UNINITIALIZED_AUTOS = YES_AGGRESSIVE;
				GCC_WARN_UNUSED_FUNCTION = YES;
				GCC_WARN_UNUSED_VARIABLE = YES;
				IPHONEOS_DEPLOYMENT_TARGET = 11.3;
				MTL_ENABLE_DEBUG_INFO = NO;
				SDKROOT = iphoneos;
				SWIFT_COMPILATION_MODE = wholemodule;
				SWIFT_OPTIMIZATION_LEVEL = "-O";
				VALIDATE_PRODUCT = YES;
			};
			name = Release;
		};
		CF8570EC20C98F2D0048BCD8 /* Debug */ = {
			isa = XCBuildConfiguration;
			baseConfigurationReference = 53ADB6DD943FA32367D509EA /* Pods-POC-BCT.debug.xcconfig */;
			buildSettings = {
				ASSETCATALOG_COMPILER_APPICON_NAME = AppIcon;
				CODE_SIGN_STYLE = Automatic;
				DEVELOPMENT_TEAM = TMS2ETJQ7M;
				INFOPLIST_FILE = "POC-BCT/Info.plist";
				LD_RUNPATH_SEARCH_PATHS = (
					"$(inherited)",
					"@executable_path/Frameworks",
				);
				PRODUCT_BUNDLE_IDENTIFIER = "com.mthivakkar.Test.POC-BCT";
				PRODUCT_NAME = "$(TARGET_NAME)";
				SWIFT_VERSION = 4.0;
				TARGETED_DEVICE_FAMILY = "1,2";
			};
			name = Debug;
		};
		CF8570ED20C98F2D0048BCD8 /* Release */ = {
			isa = XCBuildConfiguration;
			baseConfigurationReference = 1165689BC89B8B195B4617ED /* Pods-POC-BCT.release.xcconfig */;
			buildSettings = {
				ASSETCATALOG_COMPILER_APPICON_NAME = AppIcon;
				CODE_SIGN_STYLE = Automatic;
				DEVELOPMENT_TEAM = TMS2ETJQ7M;
				INFOPLIST_FILE = "POC-BCT/Info.plist";
				LD_RUNPATH_SEARCH_PATHS = (
					"$(inherited)",
					"@executable_path/Frameworks",
				);
				PRODUCT_BUNDLE_IDENTIFIER = "com.mthivakkar.Test.POC-BCT";
				PRODUCT_NAME = "$(TARGET_NAME)";
				SWIFT_VERSION = 4.0;
				TARGETED_DEVICE_FAMILY = "1,2";
			};
			name = Release;
		};
		CF8570EF20C98F2D0048BCD8 /* Debug */ = {
			isa = XCBuildConfiguration;
			baseConfigurationReference = E01283EDD8BB4576B2956232 /* Pods-POC-BCTTests.debug.xcconfig */;
			buildSettings = {
				ALWAYS_EMBED_SWIFT_STANDARD_LIBRARIES = YES;
				BUNDLE_LOADER = "$(TEST_HOST)";
				CODE_SIGN_STYLE = Automatic;
				DEVELOPMENT_TEAM = TMS2ETJQ7M;
				INFOPLIST_FILE = "POC-BCTTests/Info.plist";
				LD_RUNPATH_SEARCH_PATHS = (
					"$(inherited)",
					"@executable_path/Frameworks",
					"@loader_path/Frameworks",
				);
				PRODUCT_BUNDLE_IDENTIFIER = "com.mthivakkar.Test.POC-BCTTests";
				PRODUCT_NAME = "$(TARGET_NAME)";
				SWIFT_VERSION = 4.0;
				TARGETED_DEVICE_FAMILY = "1,2";
				TEST_HOST = "$(BUILT_PRODUCTS_DIR)/POC-BCT.app/POC-BCT";
			};
			name = Debug;
		};
		CF8570F020C98F2D0048BCD8 /* Release */ = {
			isa = XCBuildConfiguration;
			baseConfigurationReference = 51F567AEC53F4F9C27C7F6F9 /* Pods-POC-BCTTests.release.xcconfig */;
			buildSettings = {
				ALWAYS_EMBED_SWIFT_STANDARD_LIBRARIES = YES;
				BUNDLE_LOADER = "$(TEST_HOST)";
				CODE_SIGN_STYLE = Automatic;
				DEVELOPMENT_TEAM = TMS2ETJQ7M;
				INFOPLIST_FILE = "POC-BCTTests/Info.plist";
				LD_RUNPATH_SEARCH_PATHS = (
					"$(inherited)",
					"@executable_path/Frameworks",
					"@loader_path/Frameworks",
				);
				PRODUCT_BUNDLE_IDENTIFIER = "com.mthivakkar.Test.POC-BCTTests";
				PRODUCT_NAME = "$(TARGET_NAME)";
				SWIFT_VERSION = 4.0;
				TARGETED_DEVICE_FAMILY = "1,2";
				TEST_HOST = "$(BUILT_PRODUCTS_DIR)/POC-BCT.app/POC-BCT";
			};
			name = Release;
		};
		CF8570F220C98F2D0048BCD8 /* Debug */ = {
			isa = XCBuildConfiguration;
			baseConfigurationReference = 873D386DB28FE66C48803310 /* Pods-POC-BCTUITests.debug.xcconfig */;
			buildSettings = {
				ALWAYS_EMBED_SWIFT_STANDARD_LIBRARIES = YES;
				CODE_SIGN_STYLE = Automatic;
				DEVELOPMENT_TEAM = TMS2ETJQ7M;
				INFOPLIST_FILE = "POC-BCTUITests/Info.plist";
				LD_RUNPATH_SEARCH_PATHS = (
					"$(inherited)",
					"@executable_path/Frameworks",
					"@loader_path/Frameworks",
				);
				PRODUCT_BUNDLE_IDENTIFIER = "com.mthivakkar.Test.POC-BCTUITests";
				PRODUCT_NAME = "$(TARGET_NAME)";
				SWIFT_VERSION = 4.0;
				TARGETED_DEVICE_FAMILY = "1,2";
				TEST_TARGET_NAME = "POC-BCT";
			};
			name = Debug;
		};
		CF8570F320C98F2D0048BCD8 /* Release */ = {
			isa = XCBuildConfiguration;
			baseConfigurationReference = 4D7D42EF5E7AE6D6DB47233B /* Pods-POC-BCTUITests.release.xcconfig */;
			buildSettings = {
				ALWAYS_EMBED_SWIFT_STANDARD_LIBRARIES = YES;
				CODE_SIGN_STYLE = Automatic;
				DEVELOPMENT_TEAM = TMS2ETJQ7M;
				INFOPLIST_FILE = "POC-BCTUITests/Info.plist";
				LD_RUNPATH_SEARCH_PATHS = (
					"$(inherited)",
					"@executable_path/Frameworks",
					"@loader_path/Frameworks",
				);
				PRODUCT_BUNDLE_IDENTIFIER = "com.mthivakkar.Test.POC-BCTUITests";
				PRODUCT_NAME = "$(TARGET_NAME)";
				SWIFT_VERSION = 4.0;
				TARGETED_DEVICE_FAMILY = "1,2";
				TEST_TARGET_NAME = "POC-BCT";
			};
			name = Release;
		};
/* End XCBuildConfiguration section */

/* Begin XCConfigurationList section */
		CF8570BB20C98F2B0048BCD8 /* Build configuration list for PBXProject "POC-BCT" */ = {
			isa = XCConfigurationList;
			buildConfigurations = (
				CF8570E920C98F2D0048BCD8 /* Debug */,
				CF8570EA20C98F2D0048BCD8 /* Release */,
			);
			defaultConfigurationIsVisible = 0;
			defaultConfigurationName = Release;
		};
		CF8570EB20C98F2D0048BCD8 /* Build configuration list for PBXNativeTarget "POC-BCT" */ = {
			isa = XCConfigurationList;
			buildConfigurations = (
				CF8570EC20C98F2D0048BCD8 /* Debug */,
				CF8570ED20C98F2D0048BCD8 /* Release */,
			);
			defaultConfigurationIsVisible = 0;
			defaultConfigurationName = Release;
		};
		CF8570EE20C98F2D0048BCD8 /* Build configuration list for PBXNativeTarget "POC-BCTTests" */ = {
			isa = XCConfigurationList;
			buildConfigurations = (
				CF8570EF20C98F2D0048BCD8 /* Debug */,
				CF8570F020C98F2D0048BCD8 /* Release */,
			);
			defaultConfigurationIsVisible = 0;
			defaultConfigurationName = Release;
		};
		CF8570F120C98F2D0048BCD8 /* Build configuration list for PBXNativeTarget "POC-BCTUITests" */ = {
			isa = XCConfigurationList;
			buildConfigurations = (
				CF8570F220C98F2D0048BCD8 /* Debug */,
				CF8570F320C98F2D0048BCD8 /* Release */,
			);
			defaultConfigurationIsVisible = 0;
			defaultConfigurationName = Release;
		};
/* End XCConfigurationList section */

/* Begin XCVersionGroup section */
		CF8570CA20C98F2B0048BCD8 /* POC_BCT.xcdatamodeld */ = {
			isa = XCVersionGroup;
			children = (
				CF8570CB20C98F2B0048BCD8 /* POC_BCT.xcdatamodel */,
			);
			currentVersion = CF8570CB20C98F2B0048BCD8 /* POC_BCT.xcdatamodel */;
			path = POC_BCT.xcdatamodeld;
			sourceTree = "<group>";
			versionGroupType = wrapper.xcdatamodel;
		};
/* End XCVersionGroup section */
	};
	rootObject = CF8570B820C98F2B0048BCD8 /* Project object */;
}
